PODS:
  - CryptoSwift (0.2.2)
  - Jay (0.3.0)
  - PathKit (0.6.0)

DEPENDENCIES:
  - CryptoSwift (from `https://github.com/krzyzanowskim/CryptoSwift`, branch `develop`)
  - Jay (from `https://github.com/czechboy0/Jay.git`)
  - PathKit (~> 0.6)

EXTERNAL SOURCES:
  CryptoSwift:
    :branch: develop
    :git: https://github.com/krzyzanowskim/CryptoSwift
  Jay:
    :git: https://github.com/czechboy0/Jay.git

CHECKOUT OPTIONS:
  CryptoSwift:
    :commit: 1f439767c7339f41af556c679fa3401401d87c7d
    :git: https://github.com/krzyzanowskim/CryptoSwift
  Jay:
    :commit: e05563977b545a7da457e4291d28cdc2572b40b2
    :git: https://github.com/czechboy0/Jay.git

SPEC CHECKSUMS:
  CryptoSwift: d382228d6301c09474132417878a741c2a2e68cd
  Jay: dcb0867fd913504e889b30f4ce475b8b996c344f
  PathKit: b224b6d2c4e75b87f08f45e1c0c610a3195c94e5

COCOAPODS: 0.39.0
