// !$*UTF8*$!
{
	archiveVersion = 1;
	classes = {
	};
	objectVersion = 46;
	objects = {

/* Begin PBXBuildFile section */
		OBJ_128 /* Case.swift in Sources */ = {isa = PBXBuildFile; fileRef = OBJ_9 /* Case.swift */; };
		OBJ_129 /* Context.swift in Sources */ = {isa = PBXBuildFile; fileRef = OBJ_10 /* Context.swift */; };
		OBJ_130 /* Expectation.swift in Sources */ = {isa = PBXBuildFile; fileRef = OBJ_11 /* Expectation.swift */; };
		OBJ_131 /* Failure.swift in Sources */ = {isa = PBXBuildFile; fileRef = OBJ_12 /* Failure.swift */; };
		OBJ_132 /* Global.swift in Sources */ = {isa = PBXBuildFile; fileRef = OBJ_13 /* Global.swift */; };
		OBJ_133 /* GlobalContext.swift in Sources */ = {isa = PBXBuildFile; fileRef = OBJ_14 /* GlobalContext.swift */; };
		OBJ_134 /* Reporter.swift in Sources */ = {isa = PBXBuildFile; fileRef = OBJ_15 /* Reporter.swift */; };
		OBJ_135 /* Reporters.swift in Sources */ = {isa = PBXBuildFile; fileRef = OBJ_16 /* Reporters.swift */; };
		OBJ_142 /* PathKit.swift in Sources */ = {isa = PBXBuildFile; fileRef = OBJ_18 /* PathKit.swift */; };
		OBJ_144 /* Spectre.framework in Frameworks */ = {isa = PBXBuildFile; fileRef = OBJ_115 /* Spectre.framework */; };
		OBJ_151 /* ArrayParser.swift in Sources */ = {isa = PBXBuildFile; fileRef = OBJ_20 /* ArrayParser.swift */; };
		OBJ_152 /* BooleanParser.swift in Sources */ = {isa = PBXBuildFile; fileRef = OBJ_21 /* BooleanParser.swift */; };
		OBJ_153 /* ByteReader.swift in Sources */ = {isa = PBXBuildFile; fileRef = OBJ_22 /* ByteReader.swift */; };
		OBJ_154 /* CommentParser.swift in Sources */ = {isa = PBXBuildFile; fileRef = OBJ_23 /* CommentParser.swift */; };
		OBJ_155 /* Consts.swift in Sources */ = {isa = PBXBuildFile; fileRef = OBJ_24 /* Consts.swift */; };
		OBJ_156 /* Error.swift in Sources */ = {isa = PBXBuildFile; fileRef = OBJ_25 /* Error.swift */; };
		OBJ_157 /* Extensions.swift in Sources */ = {isa = PBXBuildFile; fileRef = OBJ_26 /* Extensions.swift */; };
		OBJ_158 /* Formatter.swift in Sources */ = {isa = PBXBuildFile; fileRef = OBJ_27 /* Formatter.swift */; };
		OBJ_159 /* Jay.swift in Sources */ = {isa = PBXBuildFile; fileRef = OBJ_28 /* Jay.swift */; };
		OBJ_160 /* NativeParser.swift in Sources */ = {isa = PBXBuildFile; fileRef = OBJ_29 /* NativeParser.swift */; };
		OBJ_161 /* NativeTypeConversions.swift in Sources */ = {isa = PBXBuildFile; fileRef = OBJ_30 /* NativeTypeConversions.swift */; };
		OBJ_162 /* NullParser.swift in Sources */ = {isa = PBXBuildFile; fileRef = OBJ_31 /* NullParser.swift */; };
		OBJ_163 /* NumberParser.swift in Sources */ = {isa = PBXBuildFile; fileRef = OBJ_32 /* NumberParser.swift */; };
		OBJ_164 /* ObjectParser.swift in Sources */ = {isa = PBXBuildFile; fileRef = OBJ_33 /* ObjectParser.swift */; };
		OBJ_165 /* OutputStream.swift in Sources */ = {isa = PBXBuildFile; fileRef = OBJ_34 /* OutputStream.swift */; };
		OBJ_166 /* Parser.swift in Sources */ = {isa = PBXBuildFile; fileRef = OBJ_35 /* Parser.swift */; };
		OBJ_167 /* Reader.swift in Sources */ = {isa = PBXBuildFile; fileRef = OBJ_36 /* Reader.swift */; };
		OBJ_168 /* RootParser.swift in Sources */ = {isa = PBXBuildFile; fileRef = OBJ_37 /* RootParser.swift */; };
		OBJ_169 /* StringParser.swift in Sources */ = {isa = PBXBuildFile; fileRef = OBJ_38 /* StringParser.swift */; };
		OBJ_170 /* Types.swift in Sources */ = {isa = PBXBuildFile; fileRef = OBJ_39 /* Types.swift */; };
		OBJ_171 /* ValueParser.swift in Sources */ = {isa = PBXBuildFile; fileRef = OBJ_40 /* ValueParser.swift */; };
		OBJ_179 /* posix.c in Sources */ = {isa = PBXBuildFile; fileRef = OBJ_42 /* posix.c */; };
		OBJ_186 /* Condition.swift in Sources */ = {isa = PBXBuildFile; fileRef = OBJ_47 /* Condition.swift */; };
		OBJ_187 /* Environment.swift in Sources */ = {isa = PBXBuildFile; fileRef = OBJ_48 /* Environment.swift */; };
		OBJ_188 /* FileDescriptor.swift in Sources */ = {isa = PBXBuildFile; fileRef = OBJ_49 /* FileDescriptor.swift */; };
		OBJ_189 /* Lock.swift in Sources */ = {isa = PBXBuildFile; fileRef = OBJ_50 /* Lock.swift */; };
		OBJ_190 /* PID.swift in Sources */ = {isa = PBXBuildFile; fileRef = OBJ_51 /* PID.swift */; };
		OBJ_191 /* Regex.swift in Sources */ = {isa = PBXBuildFile; fileRef = OBJ_52 /* Regex.swift */; };
		OBJ_192 /* Spawn.swift in Sources */ = {isa = PBXBuildFile; fileRef = OBJ_53 /* Spawn.swift */; };
		OBJ_193 /* System.swift in Sources */ = {isa = PBXBuildFile; fileRef = OBJ_54 /* System.swift */; };
		OBJ_194 /* SystemError.swift in Sources */ = {isa = PBXBuildFile; fileRef = OBJ_55 /* SystemError.swift */; };
		OBJ_195 /* Thread.swift in Sources */ = {isa = PBXBuildFile; fileRef = OBJ_56 /* Thread.swift */; };
		OBJ_196 /* Wait.swift in Sources */ = {isa = PBXBuildFile; fileRef = OBJ_57 /* Wait.swift */; };
		OBJ_198 /* CPOSIX.framework in Frameworks */ = {isa = PBXBuildFile; fileRef = OBJ_118 /* CPOSIX.framework */; };
		OBJ_205 /* ArgumentConvertible.swift in Sources */ = {isa = PBXBuildFile; fileRef = OBJ_59 /* ArgumentConvertible.swift */; };
		OBJ_206 /* ArgumentDescription.swift in Sources */ = {isa = PBXBuildFile; fileRef = OBJ_60 /* ArgumentDescription.swift */; };
		OBJ_207 /* ArgumentParser.swift in Sources */ = {isa = PBXBuildFile; fileRef = OBJ_61 /* ArgumentParser.swift */; };
		OBJ_208 /* Command.swift in Sources */ = {isa = PBXBuildFile; fileRef = OBJ_62 /* Command.swift */; };
		OBJ_209 /* CommandRunner.swift in Sources */ = {isa = PBXBuildFile; fileRef = OBJ_63 /* CommandRunner.swift */; };
		OBJ_210 /* Commands.swift in Sources */ = {isa = PBXBuildFile; fileRef = OBJ_64 /* Commands.swift */; };
		OBJ_211 /* CommandType.swift in Sources */ = {isa = PBXBuildFile; fileRef = OBJ_65 /* CommandType.swift */; };
		OBJ_212 /* Error.swift in Sources */ = {isa = PBXBuildFile; fileRef = OBJ_66 /* Error.swift */; };
		OBJ_213 /* Group.swift in Sources */ = {isa = PBXBuildFile; fileRef = OBJ_67 /* Group.swift */; };
		OBJ_215 /* Spectre.framework in Frameworks */ = {isa = PBXBuildFile; fileRef = OBJ_115 /* Spectre.framework */; };
		OBJ_222 /* Base16.swift in Sources */ = {isa = PBXBuildFile; fileRef = OBJ_69 /* Base16.swift */; };
		OBJ_223 /* Base64.swift in Sources */ = {isa = PBXBuildFile; fileRef = OBJ_70 /* Base64.swift */; };
		OBJ_224 /* Batteries.swift in Sources */ = {isa = PBXBuildFile; fileRef = OBJ_71 /* Batteries.swift */; };
		OBJ_225 /* Belt.swift in Sources */ = {isa = PBXBuildFile; fileRef = OBJ_72 /* Belt.swift */; };
		OBJ_226 /* ByteArray.swift in Sources */ = {isa = PBXBuildFile; fileRef = OBJ_73 /* ByteArray.swift */; };
		OBJ_227 /* ContentType.swift in Sources */ = {isa = PBXBuildFile; fileRef = OBJ_74 /* ContentType.swift */; };
		OBJ_228 /* Cookie.swift in Sources */ = {isa = PBXBuildFile; fileRef = OBJ_75 /* Cookie.swift */; };
		OBJ_229 /* ETag.swift in Sources */ = {isa = PBXBuildFile; fileRef = OBJ_76 /* ETag.swift */; };
		OBJ_230 /* FileStream.swift in Sources */ = {isa = PBXBuildFile; fileRef = OBJ_77 /* FileStream.swift */; };
		OBJ_231 /* Handler.swift in Sources */ = {isa = PBXBuildFile; fileRef = OBJ_78 /* Handler.swift */; };
		OBJ_232 /* HeaderList.swift in Sources */ = {isa = PBXBuildFile; fileRef = OBJ_79 /* HeaderList.swift */; };
		OBJ_233 /* Html.swift in Sources */ = {isa = PBXBuildFile; fileRef = OBJ_80 /* Html.swift */; };
		OBJ_234 /* HtmlConvertible.swift in Sources */ = {isa = PBXBuildFile; fileRef = OBJ_81 /* HtmlConvertible.swift */; };
		OBJ_235 /* HttpDate.swift in Sources */ = {isa = PBXBuildFile; fileRef = OBJ_82 /* HttpDate.swift */; };
		OBJ_236 /* JD.swift in Sources */ = {isa = PBXBuildFile; fileRef = OBJ_83 /* JD.swift */; };
		OBJ_237 /* LinuxFixes.swift in Sources */ = {isa = PBXBuildFile; fileRef = OBJ_84 /* LinuxFixes.swift */; };
		OBJ_238 /* Log.swift in Sources */ = {isa = PBXBuildFile; fileRef = OBJ_85 /* Log.swift */; };
		OBJ_239 /* Logger.swift in Sources */ = {isa = PBXBuildFile; fileRef = OBJ_86 /* Logger.swift */; };
		OBJ_240 /* MD5.swift in Sources */ = {isa = PBXBuildFile; fileRef = OBJ_87 /* MD5.swift */; };
		OBJ_241 /* Method.swift in Sources */ = {isa = PBXBuildFile; fileRef = OBJ_88 /* Method.swift */; };
		OBJ_242 /* Middleware.swift in Sources */ = {isa = PBXBuildFile; fileRef = OBJ_89 /* Middleware.swift */; };
		OBJ_243 /* Mime.swift in Sources */ = {isa = PBXBuildFile; fileRef = OBJ_90 /* Mime.swift */; };
		OBJ_244 /* NotModified.swift in Sources */ = {isa = PBXBuildFile; fileRef = OBJ_91 /* NotModified.swift */; };
		OBJ_245 /* Query.swift in Sources */ = {isa = PBXBuildFile; fileRef = OBJ_92 /* Query.swift */; };
		OBJ_246 /* RegExp.swift in Sources */ = {isa = PBXBuildFile; fileRef = OBJ_93 /* RegExp.swift */; };
		OBJ_247 /* RemoveTrailingSlash.swift in Sources */ = {isa = PBXBuildFile; fileRef = OBJ_94 /* RemoveTrailingSlash.swift */; };
		OBJ_248 /* Request.swift in Sources */ = {isa = PBXBuildFile; fileRef = OBJ_95 /* Request.swift */; };
		OBJ_249 /* RequestBody.swift in Sources */ = {isa = PBXBuildFile; fileRef = OBJ_96 /* RequestBody.swift */; };
		OBJ_250 /* Response.swift in Sources */ = {isa = PBXBuildFile; fileRef = OBJ_97 /* Response.swift */; };
		OBJ_251 /* Router.swift in Sources */ = {isa = PBXBuildFile; fileRef = OBJ_98 /* Router.swift */; };
		OBJ_252 /* Server.swift in Sources */ = {isa = PBXBuildFile; fileRef = OBJ_99 /* Server.swift */; };
		OBJ_253 /* ServeStatic.swift in Sources */ = {isa = PBXBuildFile; fileRef = OBJ_100 /* ServeStatic.swift */; };
		OBJ_254 /* Socket.swift in Sources */ = {isa = PBXBuildFile; fileRef = OBJ_101 /* Socket.swift */; };
		OBJ_255 /* SocketParser.swift in Sources */ = {isa = PBXBuildFile; fileRef = OBJ_102 /* SocketParser.swift */; };
		OBJ_256 /* SocketServer.swift in Sources */ = {isa = PBXBuildFile; fileRef = OBJ_103 /* SocketServer.swift */; };
		OBJ_257 /* Status.swift in Sources */ = {isa = PBXBuildFile; fileRef = OBJ_104 /* Status.swift */; };
		OBJ_258 /* Storable.swift in Sources */ = {isa = PBXBuildFile; fileRef = OBJ_105 /* Storable.swift */; };
		OBJ_259 /* Streamable.swift in Sources */ = {isa = PBXBuildFile; fileRef = OBJ_106 /* Streamable.swift */; };
		OBJ_260 /* StringExtensions.swift in Sources */ = {isa = PBXBuildFile; fileRef = OBJ_107 /* StringExtensions.swift */; };
		OBJ_261 /* Tappable.swift in Sources */ = {isa = PBXBuildFile; fileRef = OBJ_108 /* Tappable.swift */; };
		OBJ_263 /* Spectre.framework in Frameworks */ = {isa = PBXBuildFile; fileRef = OBJ_115 /* Spectre.framework */; };
		OBJ_264 /* PathKit.framework in Frameworks */ = {isa = PBXBuildFile; fileRef = OBJ_116 /* PathKit.framework */; };
		OBJ_265 /* Jay.framework in Frameworks */ = {isa = PBXBuildFile; fileRef = OBJ_117 /* Jay.framework */; };
		OBJ_266 /* CPOSIX.framework in Frameworks */ = {isa = PBXBuildFile; fileRef = OBJ_118 /* CPOSIX.framework */; };
		OBJ_267 /* POSIX.framework in Frameworks */ = {isa = PBXBuildFile; fileRef = OBJ_119 /* POSIX.framework */; };
		OBJ_268 /* Commander.framework in Frameworks */ = {isa = PBXBuildFile; fileRef = OBJ_120 /* Commander.framework */; };
		OBJ_280 /* HanselTests.swift in Sources */ = {isa = PBXBuildFile; fileRef = OBJ_111 /* HanselTests.swift */; };
		OBJ_282 /* Spectre.framework in Frameworks */ = {isa = PBXBuildFile; fileRef = OBJ_115 /* Spectre.framework */; };
		OBJ_283 /* PathKit.framework in Frameworks */ = {isa = PBXBuildFile; fileRef = OBJ_116 /* PathKit.framework */; };
		OBJ_284 /* Jay.framework in Frameworks */ = {isa = PBXBuildFile; fileRef = OBJ_117 /* Jay.framework */; };
		OBJ_285 /* CPOSIX.framework in Frameworks */ = {isa = PBXBuildFile; fileRef = OBJ_118 /* CPOSIX.framework */; };
		OBJ_286 /* POSIX.framework in Frameworks */ = {isa = PBXBuildFile; fileRef = OBJ_119 /* POSIX.framework */; };
		OBJ_287 /* Commander.framework in Frameworks */ = {isa = PBXBuildFile; fileRef = OBJ_120 /* Commander.framework */; };
		OBJ_288 /* Hansel.framework in Frameworks */ = {isa = PBXBuildFile; fileRef = OBJ_121 /* Hansel.framework */; };
/* End PBXBuildFile section */

/* Begin PBXContainerItemProxy section */
		D914F23E1DD44AC600C65837 /* PBXContainerItemProxy */ = {
			isa = PBXContainerItemProxy;
			containerPortal = OBJ_1 /* Project object */;
			proxyType = 1;
			remoteGlobalIDString = OBJ_123;
			remoteInfo = Spectre;
		};
		D914F23F1DD44AC600C65837 /* PBXContainerItemProxy */ = {
			isa = PBXContainerItemProxy;
			containerPortal = OBJ_1 /* Project object */;
			proxyType = 1;
			remoteGlobalIDString = OBJ_137;
			remoteInfo = PathKit;
		};
		D914F2401DD44AC600C65837 /* PBXContainerItemProxy */ = {
			isa = PBXContainerItemProxy;
			containerPortal = OBJ_1 /* Project object */;
			proxyType = 1;
			remoteGlobalIDString = OBJ_123;
			remoteInfo = Spectre;
		};
		D914F2411DD44AC600C65837 /* PBXContainerItemProxy */ = {
			isa = PBXContainerItemProxy;
			containerPortal = OBJ_1 /* Project object */;
			proxyType = 1;
			remoteGlobalIDString = OBJ_146;
			remoteInfo = Jay;
		};
		D914F2421DD44AC600C65837 /* PBXContainerItemProxy */ = {
			isa = PBXContainerItemProxy;
			containerPortal = OBJ_1 /* Project object */;
			proxyType = 1;
			remoteGlobalIDString = OBJ_173;
			remoteInfo = CPOSIX;
		};
		D914F2431DD44AC600C65837 /* PBXContainerItemProxy */ = {
			isa = PBXContainerItemProxy;
			containerPortal = OBJ_1 /* Project object */;
			proxyType = 1;
			remoteGlobalIDString = OBJ_181;
			remoteInfo = POSIX;
		};
		D914F2441DD44AC600C65837 /* PBXContainerItemProxy */ = {
			isa = PBXContainerItemProxy;
			containerPortal = OBJ_1 /* Project object */;
			proxyType = 1;
			remoteGlobalIDString = OBJ_173;
			remoteInfo = CPOSIX;
		};
		D914F2451DD44AC600C65837 /* PBXContainerItemProxy */ = {
			isa = PBXContainerItemProxy;
			containerPortal = OBJ_1 /* Project object */;
			proxyType = 1;
			remoteGlobalIDString = OBJ_200;
			remoteInfo = Commander;
		};
		D914F2461DD44AC600C65837 /* PBXContainerItemProxy */ = {
			isa = PBXContainerItemProxy;
			containerPortal = OBJ_1 /* Project object */;
			proxyType = 1;
			remoteGlobalIDString = OBJ_123;
			remoteInfo = Spectre;
		};
		D914F2471DD44AC600C65837 /* PBXContainerItemProxy */ = {
			isa = PBXContainerItemProxy;
			containerPortal = OBJ_1 /* Project object */;
			proxyType = 1;
			remoteGlobalIDString = OBJ_123;
			remoteInfo = Spectre;
		};
		D914F2481DD44AC600C65837 /* PBXContainerItemProxy */ = {
			isa = PBXContainerItemProxy;
			containerPortal = OBJ_1 /* Project object */;
			proxyType = 1;
			remoteGlobalIDString = OBJ_137;
			remoteInfo = PathKit;
		};
		D914F2491DD44AC600C65837 /* PBXContainerItemProxy */ = {
			isa = PBXContainerItemProxy;
			containerPortal = OBJ_1 /* Project object */;
			proxyType = 1;
			remoteGlobalIDString = OBJ_146;
			remoteInfo = Jay;
		};
		D914F24A1DD44AC600C65837 /* PBXContainerItemProxy */ = {
			isa = PBXContainerItemProxy;
			containerPortal = OBJ_1 /* Project object */;
			proxyType = 1;
			remoteGlobalIDString = OBJ_173;
			remoteInfo = CPOSIX;
		};
		D914F24B1DD44AC600C65837 /* PBXContainerItemProxy */ = {
			isa = PBXContainerItemProxy;
			containerPortal = OBJ_1 /* Project object */;
			proxyType = 1;
			remoteGlobalIDString = OBJ_181;
			remoteInfo = POSIX;
		};
		D914F24C1DD44AC600C65837 /* PBXContainerItemProxy */ = {
			isa = PBXContainerItemProxy;
			containerPortal = OBJ_1 /* Project object */;
			proxyType = 1;
			remoteGlobalIDString = OBJ_200;
			remoteInfo = Commander;
		};
		D914F24D1DD44AC600C65837 /* PBXContainerItemProxy */ = {
			isa = PBXContainerItemProxy;
			containerPortal = OBJ_1 /* Project object */;
			proxyType = 1;
			remoteGlobalIDString = OBJ_217;
			remoteInfo = Hansel;
		};
/* End PBXContainerItemProxy section */

/* Begin PBXFileReference section */
		OBJ_10 /* Context.swift */ = {isa = PBXFileReference; lastKnownFileType = sourcecode.swift; path = Context.swift; sourceTree = "<group>"; };
		OBJ_100 /* ServeStatic.swift */ = {isa = PBXFileReference; lastKnownFileType = sourcecode.swift; path = ServeStatic.swift; sourceTree = "<group>"; };
		OBJ_101 /* Socket.swift */ = {isa = PBXFileReference; lastKnownFileType = sourcecode.swift; path = Socket.swift; sourceTree = "<group>"; };
		OBJ_102 /* SocketParser.swift */ = {isa = PBXFileReference; lastKnownFileType = sourcecode.swift; path = SocketParser.swift; sourceTree = "<group>"; };
		OBJ_103 /* SocketServer.swift */ = {isa = PBXFileReference; lastKnownFileType = sourcecode.swift; path = SocketServer.swift; sourceTree = "<group>"; };
		OBJ_104 /* Status.swift */ = {isa = PBXFileReference; lastKnownFileType = sourcecode.swift; path = Status.swift; sourceTree = "<group>"; };
		OBJ_105 /* Storable.swift */ = {isa = PBXFileReference; lastKnownFileType = sourcecode.swift; path = Storable.swift; sourceTree = "<group>"; };
		OBJ_106 /* Streamable.swift */ = {isa = PBXFileReference; lastKnownFileType = sourcecode.swift; path = Streamable.swift; sourceTree = "<group>"; };
		OBJ_107 /* StringExtensions.swift */ = {isa = PBXFileReference; lastKnownFileType = sourcecode.swift; path = StringExtensions.swift; sourceTree = "<group>"; };
		OBJ_108 /* Tappable.swift */ = {isa = PBXFileReference; lastKnownFileType = sourcecode.swift; path = Tappable.swift; sourceTree = "<group>"; };
		OBJ_11 /* Expectation.swift */ = {isa = PBXFileReference; lastKnownFileType = sourcecode.swift; path = Expectation.swift; sourceTree = "<group>"; };
		OBJ_111 /* HanselTests.swift */ = {isa = PBXFileReference; lastKnownFileType = sourcecode.swift; path = HanselTests.swift; sourceTree = "<group>"; };
		OBJ_112 /* bin */ = {isa = PBXFileReference; lastKnownFileType = folder; path = bin; sourceTree = SOURCE_ROOT; };
		OBJ_113 /* Hansel */ = {isa = PBXFileReference; lastKnownFileType = folder; path = Hansel; sourceTree = SOURCE_ROOT; };
		OBJ_115 /* Spectre.framework */ = {isa = PBXFileReference; explicitFileType = wrapper.framework; path = Spectre.framework; sourceTree = BUILT_PRODUCTS_DIR; };
		OBJ_116 /* PathKit.framework */ = {isa = PBXFileReference; explicitFileType = wrapper.framework; path = PathKit.framework; sourceTree = BUILT_PRODUCTS_DIR; };
		OBJ_117 /* Jay.framework */ = {isa = PBXFileReference; explicitFileType = wrapper.framework; path = Jay.framework; sourceTree = BUILT_PRODUCTS_DIR; };
		OBJ_118 /* CPOSIX.framework */ = {isa = PBXFileReference; explicitFileType = wrapper.framework; path = CPOSIX.framework; sourceTree = BUILT_PRODUCTS_DIR; };
		OBJ_119 /* POSIX.framework */ = {isa = PBXFileReference; explicitFileType = wrapper.framework; path = POSIX.framework; sourceTree = BUILT_PRODUCTS_DIR; };
		OBJ_12 /* Failure.swift */ = {isa = PBXFileReference; lastKnownFileType = sourcecode.swift; path = Failure.swift; sourceTree = "<group>"; };
		OBJ_120 /* Commander.framework */ = {isa = PBXFileReference; explicitFileType = wrapper.framework; path = Commander.framework; sourceTree = BUILT_PRODUCTS_DIR; };
		OBJ_121 /* Hansel.framework */ = {isa = PBXFileReference; lastKnownFileType = wrapper.framework; path = Hansel.framework; sourceTree = BUILT_PRODUCTS_DIR; };
		OBJ_122 /* HanselTests.xctest */ = {isa = PBXFileReference; lastKnownFileType = file; path = HanselTests.xctest; sourceTree = BUILT_PRODUCTS_DIR; };
		OBJ_13 /* Global.swift */ = {isa = PBXFileReference; lastKnownFileType = sourcecode.swift; path = Global.swift; sourceTree = "<group>"; };
		OBJ_14 /* GlobalContext.swift */ = {isa = PBXFileReference; lastKnownFileType = sourcecode.swift; path = GlobalContext.swift; sourceTree = "<group>"; };
		OBJ_15 /* Reporter.swift */ = {isa = PBXFileReference; lastKnownFileType = sourcecode.swift; path = Reporter.swift; sourceTree = "<group>"; };
		OBJ_16 /* Reporters.swift */ = {isa = PBXFileReference; lastKnownFileType = sourcecode.swift; path = Reporters.swift; sourceTree = "<group>"; };
		OBJ_18 /* PathKit.swift */ = {isa = PBXFileReference; lastKnownFileType = sourcecode.swift; path = PathKit.swift; sourceTree = "<group>"; };
		OBJ_20 /* ArrayParser.swift */ = {isa = PBXFileReference; lastKnownFileType = sourcecode.swift; path = ArrayParser.swift; sourceTree = "<group>"; };
		OBJ_21 /* BooleanParser.swift */ = {isa = PBXFileReference; lastKnownFileType = sourcecode.swift; path = BooleanParser.swift; sourceTree = "<group>"; };
		OBJ_22 /* ByteReader.swift */ = {isa = PBXFileReference; lastKnownFileType = sourcecode.swift; path = ByteReader.swift; sourceTree = "<group>"; };
		OBJ_23 /* CommentParser.swift */ = {isa = PBXFileReference; lastKnownFileType = sourcecode.swift; path = CommentParser.swift; sourceTree = "<group>"; };
		OBJ_24 /* Consts.swift */ = {isa = PBXFileReference; lastKnownFileType = sourcecode.swift; path = Consts.swift; sourceTree = "<group>"; };
		OBJ_25 /* Error.swift */ = {isa = PBXFileReference; lastKnownFileType = sourcecode.swift; path = Error.swift; sourceTree = "<group>"; };
		OBJ_26 /* Extensions.swift */ = {isa = PBXFileReference; lastKnownFileType = sourcecode.swift; path = Extensions.swift; sourceTree = "<group>"; };
		OBJ_27 /* Formatter.swift */ = {isa = PBXFileReference; lastKnownFileType = sourcecode.swift; path = Formatter.swift; sourceTree = "<group>"; };
		OBJ_28 /* Jay.swift */ = {isa = PBXFileReference; lastKnownFileType = sourcecode.swift; path = Jay.swift; sourceTree = "<group>"; };
		OBJ_29 /* NativeParser.swift */ = {isa = PBXFileReference; lastKnownFileType = sourcecode.swift; path = NativeParser.swift; sourceTree = "<group>"; };
		OBJ_30 /* NativeTypeConversions.swift */ = {isa = PBXFileReference; lastKnownFileType = sourcecode.swift; path = NativeTypeConversions.swift; sourceTree = "<group>"; };
		OBJ_31 /* NullParser.swift */ = {isa = PBXFileReference; lastKnownFileType = sourcecode.swift; path = NullParser.swift; sourceTree = "<group>"; };
		OBJ_32 /* NumberParser.swift */ = {isa = PBXFileReference; lastKnownFileType = sourcecode.swift; path = NumberParser.swift; sourceTree = "<group>"; };
		OBJ_33 /* ObjectParser.swift */ = {isa = PBXFileReference; lastKnownFileType = sourcecode.swift; path = ObjectParser.swift; sourceTree = "<group>"; };
		OBJ_34 /* OutputStream.swift */ = {isa = PBXFileReference; lastKnownFileType = sourcecode.swift; path = OutputStream.swift; sourceTree = "<group>"; };
		OBJ_35 /* Parser.swift */ = {isa = PBXFileReference; lastKnownFileType = sourcecode.swift; path = Parser.swift; sourceTree = "<group>"; };
		OBJ_36 /* Reader.swift */ = {isa = PBXFileReference; lastKnownFileType = sourcecode.swift; path = Reader.swift; sourceTree = "<group>"; };
		OBJ_37 /* RootParser.swift */ = {isa = PBXFileReference; lastKnownFileType = sourcecode.swift; path = RootParser.swift; sourceTree = "<group>"; };
		OBJ_38 /* StringParser.swift */ = {isa = PBXFileReference; lastKnownFileType = sourcecode.swift; path = StringParser.swift; sourceTree = "<group>"; };
		OBJ_39 /* Types.swift */ = {isa = PBXFileReference; lastKnownFileType = sourcecode.swift; path = Types.swift; sourceTree = "<group>"; };
		OBJ_40 /* ValueParser.swift */ = {isa = PBXFileReference; lastKnownFileType = sourcecode.swift; path = ValueParser.swift; sourceTree = "<group>"; };
		OBJ_42 /* posix.c */ = {isa = PBXFileReference; lastKnownFileType = sourcecode.c.c; path = posix.c; sourceTree = "<group>"; };
		OBJ_44 /* posix.h */ = {isa = PBXFileReference; lastKnownFileType = sourcecode.c.h; path = posix.h; sourceTree = "<group>"; };
		OBJ_45 /* module.modulemap */ = {isa = PBXFileReference; lastKnownFileType = "sourcecode.module-map"; name = module.modulemap; path = /Users/danneu/Code/Swift/Hansel/Hansel.xcodeproj/GeneratedModuleMap/CPOSIX/module.modulemap; sourceTree = "<group>"; };
		OBJ_47 /* Condition.swift */ = {isa = PBXFileReference; lastKnownFileType = sourcecode.swift; path = Condition.swift; sourceTree = "<group>"; };
		OBJ_48 /* Environment.swift */ = {isa = PBXFileReference; lastKnownFileType = sourcecode.swift; path = Environment.swift; sourceTree = "<group>"; };
		OBJ_49 /* FileDescriptor.swift */ = {isa = PBXFileReference; lastKnownFileType = sourcecode.swift; path = FileDescriptor.swift; sourceTree = "<group>"; };
		OBJ_50 /* Lock.swift */ = {isa = PBXFileReference; lastKnownFileType = sourcecode.swift; path = Lock.swift; sourceTree = "<group>"; };
		OBJ_51 /* PID.swift */ = {isa = PBXFileReference; lastKnownFileType = sourcecode.swift; path = PID.swift; sourceTree = "<group>"; };
		OBJ_52 /* Regex.swift */ = {isa = PBXFileReference; lastKnownFileType = sourcecode.swift; path = Regex.swift; sourceTree = "<group>"; };
		OBJ_53 /* Spawn.swift */ = {isa = PBXFileReference; lastKnownFileType = sourcecode.swift; path = Spawn.swift; sourceTree = "<group>"; };
		OBJ_54 /* System.swift */ = {isa = PBXFileReference; lastKnownFileType = sourcecode.swift; path = System.swift; sourceTree = "<group>"; };
		OBJ_55 /* SystemError.swift */ = {isa = PBXFileReference; lastKnownFileType = sourcecode.swift; path = SystemError.swift; sourceTree = "<group>"; };
		OBJ_56 /* Thread.swift */ = {isa = PBXFileReference; lastKnownFileType = sourcecode.swift; path = Thread.swift; sourceTree = "<group>"; };
		OBJ_57 /* Wait.swift */ = {isa = PBXFileReference; lastKnownFileType = sourcecode.swift; path = Wait.swift; sourceTree = "<group>"; };
		OBJ_59 /* ArgumentConvertible.swift */ = {isa = PBXFileReference; lastKnownFileType = sourcecode.swift; path = ArgumentConvertible.swift; sourceTree = "<group>"; };
		OBJ_6 /* Package.swift */ = {isa = PBXFileReference; explicitFileType = sourcecode.swift; path = Package.swift; sourceTree = "<group>"; };
		OBJ_60 /* ArgumentDescription.swift */ = {isa = PBXFileReference; lastKnownFileType = sourcecode.swift; path = ArgumentDescription.swift; sourceTree = "<group>"; };
		OBJ_61 /* ArgumentParser.swift */ = {isa = PBXFileReference; lastKnownFileType = sourcecode.swift; path = ArgumentParser.swift; sourceTree = "<group>"; };
		OBJ_62 /* Command.swift */ = {isa = PBXFileReference; lastKnownFileType = sourcecode.swift; path = Command.swift; sourceTree = "<group>"; };
		OBJ_63 /* CommandRunner.swift */ = {isa = PBXFileReference; lastKnownFileType = sourcecode.swift; path = CommandRunner.swift; sourceTree = "<group>"; };
		OBJ_64 /* Commands.swift */ = {isa = PBXFileReference; lastKnownFileType = sourcecode.swift; path = Commands.swift; sourceTree = "<group>"; };
		OBJ_65 /* CommandType.swift */ = {isa = PBXFileReference; lastKnownFileType = sourcecode.swift; path = CommandType.swift; sourceTree = "<group>"; };
		OBJ_66 /* Error.swift */ = {isa = PBXFileReference; lastKnownFileType = sourcecode.swift; path = Error.swift; sourceTree = "<group>"; };
		OBJ_67 /* Group.swift */ = {isa = PBXFileReference; lastKnownFileType = sourcecode.swift; path = Group.swift; sourceTree = "<group>"; };
		OBJ_69 /* Base16.swift */ = {isa = PBXFileReference; lastKnownFileType = sourcecode.swift; path = Base16.swift; sourceTree = "<group>"; };
		OBJ_70 /* Base64.swift */ = {isa = PBXFileReference; lastKnownFileType = sourcecode.swift; path = Base64.swift; sourceTree = "<group>"; };
		OBJ_71 /* Batteries.swift */ = {isa = PBXFileReference; lastKnownFileType = sourcecode.swift; path = Batteries.swift; sourceTree = "<group>"; };
		OBJ_72 /* Belt.swift */ = {isa = PBXFileReference; lastKnownFileType = sourcecode.swift; path = Belt.swift; sourceTree = "<group>"; };
		OBJ_73 /* ByteArray.swift */ = {isa = PBXFileReference; lastKnownFileType = sourcecode.swift; path = ByteArray.swift; sourceTree = "<group>"; };
		OBJ_74 /* ContentType.swift */ = {isa = PBXFileReference; lastKnownFileType = sourcecode.swift; path = ContentType.swift; sourceTree = "<group>"; };
		OBJ_75 /* Cookie.swift */ = {isa = PBXFileReference; lastKnownFileType = sourcecode.swift; path = Cookie.swift; sourceTree = "<group>"; };
		OBJ_76 /* ETag.swift */ = {isa = PBXFileReference; lastKnownFileType = sourcecode.swift; path = ETag.swift; sourceTree = "<group>"; };
		OBJ_77 /* FileStream.swift */ = {isa = PBXFileReference; lastKnownFileType = sourcecode.swift; path = FileStream.swift; sourceTree = "<group>"; };
		OBJ_78 /* Handler.swift */ = {isa = PBXFileReference; lastKnownFileType = sourcecode.swift; path = Handler.swift; sourceTree = "<group>"; };
		OBJ_79 /* HeaderList.swift */ = {isa = PBXFileReference; lastKnownFileType = sourcecode.swift; path = HeaderList.swift; sourceTree = "<group>"; };
		OBJ_80 /* Html.swift */ = {isa = PBXFileReference; lastKnownFileType = sourcecode.swift; path = Html.swift; sourceTree = "<group>"; };
		OBJ_81 /* HtmlConvertible.swift */ = {isa = PBXFileReference; lastKnownFileType = sourcecode.swift; path = HtmlConvertible.swift; sourceTree = "<group>"; };
		OBJ_82 /* HttpDate.swift */ = {isa = PBXFileReference; lastKnownFileType = sourcecode.swift; path = HttpDate.swift; sourceTree = "<group>"; };
		OBJ_83 /* JD.swift */ = {isa = PBXFileReference; lastKnownFileType = sourcecode.swift; path = JD.swift; sourceTree = "<group>"; };
		OBJ_84 /* LinuxFixes.swift */ = {isa = PBXFileReference; lastKnownFileType = sourcecode.swift; path = LinuxFixes.swift; sourceTree = "<group>"; };
		OBJ_85 /* Log.swift */ = {isa = PBXFileReference; lastKnownFileType = sourcecode.swift; path = Log.swift; sourceTree = "<group>"; };
		OBJ_86 /* Logger.swift */ = {isa = PBXFileReference; lastKnownFileType = sourcecode.swift; path = Logger.swift; sourceTree = "<group>"; };
		OBJ_87 /* MD5.swift */ = {isa = PBXFileReference; lastKnownFileType = sourcecode.swift; path = MD5.swift; sourceTree = "<group>"; };
		OBJ_88 /* Method.swift */ = {isa = PBXFileReference; lastKnownFileType = sourcecode.swift; path = Method.swift; sourceTree = "<group>"; };
		OBJ_89 /* Middleware.swift */ = {isa = PBXFileReference; lastKnownFileType = sourcecode.swift; path = Middleware.swift; sourceTree = "<group>"; };
		OBJ_9 /* Case.swift */ = {isa = PBXFileReference; lastKnownFileType = sourcecode.swift; path = Case.swift; sourceTree = "<group>"; };
		OBJ_90 /* Mime.swift */ = {isa = PBXFileReference; lastKnownFileType = sourcecode.swift; path = Mime.swift; sourceTree = "<group>"; };
		OBJ_91 /* NotModified.swift */ = {isa = PBXFileReference; lastKnownFileType = sourcecode.swift; path = NotModified.swift; sourceTree = "<group>"; };
		OBJ_92 /* Query.swift */ = {isa = PBXFileReference; lastKnownFileType = sourcecode.swift; path = Query.swift; sourceTree = "<group>"; };
		OBJ_93 /* RegExp.swift */ = {isa = PBXFileReference; lastKnownFileType = sourcecode.swift; path = RegExp.swift; sourceTree = "<group>"; };
		OBJ_94 /* RemoveTrailingSlash.swift */ = {isa = PBXFileReference; lastKnownFileType = sourcecode.swift; path = RemoveTrailingSlash.swift; sourceTree = "<group>"; };
		OBJ_95 /* Request.swift */ = {isa = PBXFileReference; lastKnownFileType = sourcecode.swift; path = Request.swift; sourceTree = "<group>"; };
		OBJ_96 /* RequestBody.swift */ = {isa = PBXFileReference; lastKnownFileType = sourcecode.swift; path = RequestBody.swift; sourceTree = "<group>"; };
		OBJ_97 /* Response.swift */ = {isa = PBXFileReference; lastKnownFileType = sourcecode.swift; path = Response.swift; sourceTree = "<group>"; };
		OBJ_98 /* Router.swift */ = {isa = PBXFileReference; lastKnownFileType = sourcecode.swift; path = Router.swift; sourceTree = "<group>"; };
		OBJ_99 /* Server.swift */ = {isa = PBXFileReference; lastKnownFileType = sourcecode.swift; path = Server.swift; sourceTree = "<group>"; };
/* End PBXFileReference section */

/* Begin PBXFrameworksBuildPhase section */
		OBJ_136 /* Frameworks */ = {
			isa = PBXFrameworksBuildPhase;
			buildActionMask = 0;
			files = (
			);
			runOnlyForDeploymentPostprocessing = 0;
		};
		OBJ_143 /* Frameworks */ = {
			isa = PBXFrameworksBuildPhase;
			buildActionMask = 0;
			files = (
				OBJ_144 /* Spectre.framework in Frameworks */,
			);
			runOnlyForDeploymentPostprocessing = 0;
		};
		OBJ_172 /* Frameworks */ = {
			isa = PBXFrameworksBuildPhase;
			buildActionMask = 0;
			files = (
			);
			runOnlyForDeploymentPostprocessing = 0;
		};
		OBJ_180 /* Frameworks */ = {
			isa = PBXFrameworksBuildPhase;
			buildActionMask = 0;
			files = (
			);
			runOnlyForDeploymentPostprocessing = 0;
		};
		OBJ_197 /* Frameworks */ = {
			isa = PBXFrameworksBuildPhase;
			buildActionMask = 0;
			files = (
				OBJ_198 /* CPOSIX.framework in Frameworks */,
			);
			runOnlyForDeploymentPostprocessing = 0;
		};
		OBJ_214 /* Frameworks */ = {
			isa = PBXFrameworksBuildPhase;
			buildActionMask = 0;
			files = (
				OBJ_215 /* Spectre.framework in Frameworks */,
			);
			runOnlyForDeploymentPostprocessing = 0;
		};
		OBJ_262 /* Frameworks */ = {
			isa = PBXFrameworksBuildPhase;
			buildActionMask = 0;
			files = (
				OBJ_263 /* Spectre.framework in Frameworks */,
				OBJ_264 /* PathKit.framework in Frameworks */,
				OBJ_265 /* Jay.framework in Frameworks */,
				OBJ_266 /* CPOSIX.framework in Frameworks */,
				OBJ_267 /* POSIX.framework in Frameworks */,
				OBJ_268 /* Commander.framework in Frameworks */,
			);
			runOnlyForDeploymentPostprocessing = 0;
		};
		OBJ_281 /* Frameworks */ = {
			isa = PBXFrameworksBuildPhase;
			buildActionMask = 0;
			files = (
				OBJ_282 /* Spectre.framework in Frameworks */,
				OBJ_283 /* PathKit.framework in Frameworks */,
				OBJ_284 /* Jay.framework in Frameworks */,
				OBJ_285 /* CPOSIX.framework in Frameworks */,
				OBJ_286 /* POSIX.framework in Frameworks */,
				OBJ_287 /* Commander.framework in Frameworks */,
				OBJ_288 /* Hansel.framework in Frameworks */,
			);
			runOnlyForDeploymentPostprocessing = 0;
		};
/* End PBXFrameworksBuildPhase section */

/* Begin PBXGroup section */
		OBJ_109 /* Tests */ = {
			isa = PBXGroup;
			children = (
				OBJ_110 /* HanselTests */,
			);
			path = Tests;
			sourceTree = "<group>";
		};
		OBJ_110 /* HanselTests */ = {
			isa = PBXGroup;
			children = (
				OBJ_111 /* HanselTests.swift */,
			);
			name = HanselTests;
			path = Tests/HanselTests;
			sourceTree = SOURCE_ROOT;
		};
		OBJ_114 /* Products */ = {
			isa = PBXGroup;
			children = (
				OBJ_115 /* Spectre.framework */,
				OBJ_116 /* PathKit.framework */,
				OBJ_117 /* Jay.framework */,
				OBJ_118 /* CPOSIX.framework */,
				OBJ_119 /* POSIX.framework */,
				OBJ_120 /* Commander.framework */,
				OBJ_121 /* Hansel.framework */,
				OBJ_122 /* HanselTests.xctest */,
			);
			name = Products;
			sourceTree = BUILT_PRODUCTS_DIR;
		};
		OBJ_17 /* PathKit */ = {
			isa = PBXGroup;
			children = (
				OBJ_18 /* PathKit.swift */,
			);
			name = PathKit;
			path = "Packages/PathKit-0.7.0/Sources";
			sourceTree = SOURCE_ROOT;
		};
		OBJ_19 /* Jay */ = {
			isa = PBXGroup;
			children = (
				OBJ_20 /* ArrayParser.swift */,
				OBJ_21 /* BooleanParser.swift */,
				OBJ_22 /* ByteReader.swift */,
				OBJ_23 /* CommentParser.swift */,
				OBJ_24 /* Consts.swift */,
				OBJ_25 /* Error.swift */,
				OBJ_26 /* Extensions.swift */,
				OBJ_27 /* Formatter.swift */,
				OBJ_28 /* Jay.swift */,
				OBJ_29 /* NativeParser.swift */,
				OBJ_30 /* NativeTypeConversions.swift */,
				OBJ_31 /* NullParser.swift */,
				OBJ_32 /* NumberParser.swift */,
				OBJ_33 /* ObjectParser.swift */,
				OBJ_34 /* OutputStream.swift */,
				OBJ_35 /* Parser.swift */,
				OBJ_36 /* Reader.swift */,
				OBJ_37 /* RootParser.swift */,
				OBJ_38 /* StringParser.swift */,
				OBJ_39 /* Types.swift */,
				OBJ_40 /* ValueParser.swift */,
			);
			name = Jay;
			path = "Packages/Jay-1.0.0/Sources/Jay";
			sourceTree = SOURCE_ROOT;
		};
		OBJ_41 /* CPOSIX */ = {
			isa = PBXGroup;
			children = (
				OBJ_42 /* posix.c */,
				OBJ_43 /* include */,
			);
			name = CPOSIX;
			path = "Packages/CPOSIX-0.14.0/Sources/CPOSIX";
			sourceTree = SOURCE_ROOT;
		};
		OBJ_43 /* include */ = {
			isa = PBXGroup;
			children = (
				OBJ_44 /* posix.h */,
				OBJ_45 /* module.modulemap */,
			);
			path = include;
			sourceTree = "<group>";
		};
		OBJ_46 /* POSIX */ = {
			isa = PBXGroup;
			children = (
				OBJ_47 /* Condition.swift */,
				OBJ_48 /* Environment.swift */,
				OBJ_49 /* FileDescriptor.swift */,
				OBJ_50 /* Lock.swift */,
				OBJ_51 /* PID.swift */,
				OBJ_52 /* Regex.swift */,
				OBJ_53 /* Spawn.swift */,
				OBJ_54 /* System.swift */,
				OBJ_55 /* SystemError.swift */,
				OBJ_56 /* Thread.swift */,
				OBJ_57 /* Wait.swift */,
			);
			name = POSIX;
			path = "Packages/POSIX-0.14.1/Sources/POSIX";
			sourceTree = SOURCE_ROOT;
		};
		OBJ_5 /*  */ = {
			isa = PBXGroup;
			children = (
				OBJ_6 /* Package.swift */,
				OBJ_7 /* Sources */,
				OBJ_109 /* Tests */,
				OBJ_112 /* bin */,
				OBJ_113 /* Hansel */,
				OBJ_114 /* Products */,
			);
			name = "";
			sourceTree = "<group>";
		};
		OBJ_58 /* Commander */ = {
			isa = PBXGroup;
			children = (
				OBJ_59 /* ArgumentConvertible.swift */,
				OBJ_60 /* ArgumentDescription.swift */,
				OBJ_61 /* ArgumentParser.swift */,
				OBJ_62 /* Command.swift */,
				OBJ_63 /* CommandRunner.swift */,
				OBJ_64 /* Commands.swift */,
				OBJ_65 /* CommandType.swift */,
				OBJ_66 /* Error.swift */,
				OBJ_67 /* Group.swift */,
			);
			name = Commander;
			path = "Packages/Commander-0.5.0/Sources";
			sourceTree = SOURCE_ROOT;
		};
		OBJ_68 /* Hansel */ = {
			isa = PBXGroup;
			children = (
				OBJ_69 /* Base16.swift */,
				OBJ_70 /* Base64.swift */,
				OBJ_71 /* Batteries.swift */,
				OBJ_72 /* Belt.swift */,
				OBJ_73 /* ByteArray.swift */,
				OBJ_74 /* ContentType.swift */,
				OBJ_75 /* Cookie.swift */,
				OBJ_76 /* ETag.swift */,
				OBJ_77 /* FileStream.swift */,
				OBJ_78 /* Handler.swift */,
				OBJ_79 /* HeaderList.swift */,
				OBJ_80 /* Html.swift */,
				OBJ_81 /* HtmlConvertible.swift */,
				OBJ_82 /* HttpDate.swift */,
				OBJ_83 /* JD.swift */,
				OBJ_84 /* LinuxFixes.swift */,
				OBJ_85 /* Log.swift */,
				OBJ_86 /* Logger.swift */,
				OBJ_87 /* MD5.swift */,
				OBJ_88 /* Method.swift */,
				OBJ_89 /* Middleware.swift */,
				OBJ_90 /* Mime.swift */,
				OBJ_91 /* NotModified.swift */,
				OBJ_92 /* Query.swift */,
				OBJ_93 /* RegExp.swift */,
				OBJ_94 /* RemoveTrailingSlash.swift */,
				OBJ_95 /* Request.swift */,
				OBJ_96 /* RequestBody.swift */,
				OBJ_97 /* Response.swift */,
				OBJ_98 /* Router.swift */,
				OBJ_99 /* Server.swift */,
				OBJ_100 /* ServeStatic.swift */,
				OBJ_101 /* Socket.swift */,
				OBJ_102 /* SocketParser.swift */,
				OBJ_103 /* SocketServer.swift */,
				OBJ_104 /* Status.swift */,
				OBJ_105 /* Storable.swift */,
				OBJ_106 /* Streamable.swift */,
				OBJ_107 /* StringExtensions.swift */,
				OBJ_108 /* Tappable.swift */,
			);
			name = Hansel;
			path = Sources;
			sourceTree = SOURCE_ROOT;
		};
		OBJ_7 /* Sources */ = {
			isa = PBXGroup;
			children = (
				OBJ_8 /* Spectre */,
				OBJ_17 /* PathKit */,
				OBJ_19 /* Jay */,
				OBJ_41 /* CPOSIX */,
				OBJ_46 /* POSIX */,
				OBJ_58 /* Commander */,
				OBJ_68 /* Hansel */,
			);
			path = Sources;
			sourceTree = "<group>";
		};
		OBJ_8 /* Spectre */ = {
			isa = PBXGroup;
			children = (
				OBJ_9 /* Case.swift */,
				OBJ_10 /* Context.swift */,
				OBJ_11 /* Expectation.swift */,
				OBJ_12 /* Failure.swift */,
				OBJ_13 /* Global.swift */,
				OBJ_14 /* GlobalContext.swift */,
				OBJ_15 /* Reporter.swift */,
				OBJ_16 /* Reporters.swift */,
			);
			name = Spectre;
			path = "Packages/Spectre-0.7.1/Sources";
			sourceTree = SOURCE_ROOT;
		};
/* End PBXGroup section */

/* Begin PBXNativeTarget section */
		OBJ_123 /* Spectre */ = {
			isa = PBXNativeTarget;
			buildConfigurationList = OBJ_124 /* Build configuration list for PBXNativeTarget "Spectre" */;
			buildPhases = (
				OBJ_127 /* Sources */,
				OBJ_136 /* Frameworks */,
			);
			buildRules = (
			);
			dependencies = (
			);
			name = Spectre;
			productName = Spectre;
			productReference = OBJ_115 /* Spectre.framework */;
			productType = "com.apple.product-type.framework";
		};
		OBJ_137 /* PathKit */ = {
			isa = PBXNativeTarget;
			buildConfigurationList = OBJ_138 /* Build configuration list for PBXNativeTarget "PathKit" */;
			buildPhases = (
				OBJ_141 /* Sources */,
				OBJ_143 /* Frameworks */,
			);
			buildRules = (
			);
			dependencies = (
				OBJ_145 /* PBXTargetDependency */,
			);
			name = PathKit;
			productName = PathKit;
			productReference = OBJ_116 /* PathKit.framework */;
			productType = "com.apple.product-type.framework";
		};
		OBJ_146 /* Jay */ = {
			isa = PBXNativeTarget;
			buildConfigurationList = OBJ_147 /* Build configuration list for PBXNativeTarget "Jay" */;
			buildPhases = (
				OBJ_150 /* Sources */,
				OBJ_172 /* Frameworks */,
			);
			buildRules = (
			);
			dependencies = (
			);
			name = Jay;
			productName = Jay;
			productReference = OBJ_117 /* Jay.framework */;
			productType = "com.apple.product-type.framework";
		};
		OBJ_173 /* CPOSIX */ = {
			isa = PBXNativeTarget;
			buildConfigurationList = OBJ_174 /* Build configuration list for PBXNativeTarget "CPOSIX" */;
			buildPhases = (
				OBJ_177 /* ShellScript */,
				OBJ_178 /* Sources */,
				OBJ_180 /* Frameworks */,
			);
			buildRules = (
			);
			dependencies = (
			);
			name = CPOSIX;
			productName = CPOSIX;
			productReference = OBJ_118 /* CPOSIX.framework */;
			productType = "com.apple.product-type.framework";
		};
		OBJ_181 /* POSIX */ = {
			isa = PBXNativeTarget;
			buildConfigurationList = OBJ_182 /* Build configuration list for PBXNativeTarget "POSIX" */;
			buildPhases = (
				OBJ_185 /* Sources */,
				OBJ_197 /* Frameworks */,
			);
			buildRules = (
			);
			dependencies = (
				OBJ_199 /* PBXTargetDependency */,
			);
			name = POSIX;
			productName = POSIX;
			productReference = OBJ_119 /* POSIX.framework */;
			productType = "com.apple.product-type.framework";
		};
		OBJ_200 /* Commander */ = {
			isa = PBXNativeTarget;
			buildConfigurationList = OBJ_201 /* Build configuration list for PBXNativeTarget "Commander" */;
			buildPhases = (
				OBJ_204 /* Sources */,
				OBJ_214 /* Frameworks */,
			);
			buildRules = (
			);
			dependencies = (
				OBJ_216 /* PBXTargetDependency */,
			);
			name = Commander;
			productName = Commander;
			productReference = OBJ_120 /* Commander.framework */;
			productType = "com.apple.product-type.framework";
		};
		OBJ_217 /* Hansel */ = {
			isa = PBXNativeTarget;
			buildConfigurationList = OBJ_218 /* Build configuration list for PBXNativeTarget "Hansel" */;
			buildPhases = (
				OBJ_221 /* Sources */,
				OBJ_262 /* Frameworks */,
			);
			buildRules = (
			);
			dependencies = (
				OBJ_269 /* PBXTargetDependency */,
				OBJ_270 /* PBXTargetDependency */,
				OBJ_271 /* PBXTargetDependency */,
				OBJ_272 /* PBXTargetDependency */,
				OBJ_273 /* PBXTargetDependency */,
				OBJ_274 /* PBXTargetDependency */,
			);
			name = Hansel;
			productName = Hansel;
			productReference = OBJ_121 /* Hansel.framework */;
			productType = "com.apple.product-type.framework";
		};
		OBJ_275 /* HanselTests */ = {
			isa = PBXNativeTarget;
			buildConfigurationList = OBJ_276 /* Build configuration list for PBXNativeTarget "HanselTests" */;
			buildPhases = (
				OBJ_279 /* Sources */,
				OBJ_281 /* Frameworks */,
			);
			buildRules = (
			);
			dependencies = (
				OBJ_289 /* PBXTargetDependency */,
				OBJ_290 /* PBXTargetDependency */,
				OBJ_291 /* PBXTargetDependency */,
				OBJ_292 /* PBXTargetDependency */,
				OBJ_293 /* PBXTargetDependency */,
				OBJ_294 /* PBXTargetDependency */,
				OBJ_295 /* PBXTargetDependency */,
			);
			name = HanselTests;
			productName = HanselTests;
			productReference = OBJ_122 /* HanselTests.xctest */;
			productType = "com.apple.product-type.bundle.unit-test";
		};
/* End PBXNativeTarget section */

/* Begin PBXProject section */
		OBJ_1 /* Project object */ = {
			isa = PBXProject;
			attributes = {
				LastUpgradeCheck = 9999;
			};
			buildConfigurationList = OBJ_2 /* Build configuration list for PBXProject "Hansel" */;
			compatibilityVersion = "Xcode 3.2";
			developmentRegion = English;
			hasScannedForEncodings = 0;
			knownRegions = (
				en,
			);
			mainGroup = OBJ_5 /*  */;
			productRefGroup = OBJ_114 /* Products */;
			projectDirPath = "";
			projectRoot = "";
			targets = (
				OBJ_123 /* Spectre */,
				OBJ_137 /* PathKit */,
				OBJ_146 /* Jay */,
				OBJ_173 /* CPOSIX */,
				OBJ_181 /* POSIX */,
				OBJ_200 /* Commander */,
				OBJ_217 /* Hansel */,
				OBJ_275 /* HanselTests */,
			);
		};
/* End PBXProject section */

/* Begin PBXShellScriptBuildPhase section */
		OBJ_177 /* ShellScript */ = {
			isa = PBXShellScriptBuildPhase;
			buildActionMask = 0;
			files = (
			);
			runOnlyForDeploymentPostprocessing = 0;
			shellPath = /bin/sh;
			shellScript = "mkdir -p \"${PROJECT_TEMP_DIR}/SymlinkLibs\"\nln -sf \"${BUILT_PRODUCTS_DIR}/${EXECUTABLE_PATH}\" \"${PROJECT_TEMP_DIR}/SymlinkLibs/lib${EXECUTABLE_NAME}.dylib\"\n";
		};
/* End PBXShellScriptBuildPhase section */

/* Begin PBXSourcesBuildPhase section */
		OBJ_127 /* Sources */ = {
			isa = PBXSourcesBuildPhase;
			buildActionMask = 0;
			files = (
				OBJ_128 /* Case.swift in Sources */,
				OBJ_129 /* Context.swift in Sources */,
				OBJ_130 /* Expectation.swift in Sources */,
				OBJ_131 /* Failure.swift in Sources */,
				OBJ_132 /* Global.swift in Sources */,
				OBJ_133 /* GlobalContext.swift in Sources */,
				OBJ_134 /* Reporter.swift in Sources */,
				OBJ_135 /* Reporters.swift in Sources */,
			);
			runOnlyForDeploymentPostprocessing = 0;
		};
		OBJ_141 /* Sources */ = {
			isa = PBXSourcesBuildPhase;
			buildActionMask = 0;
			files = (
				OBJ_142 /* PathKit.swift in Sources */,
			);
			runOnlyForDeploymentPostprocessing = 0;
		};
		OBJ_150 /* Sources */ = {
			isa = PBXSourcesBuildPhase;
			buildActionMask = 0;
			files = (
				OBJ_151 /* ArrayParser.swift in Sources */,
				OBJ_152 /* BooleanParser.swift in Sources */,
				OBJ_153 /* ByteReader.swift in Sources */,
				OBJ_154 /* CommentParser.swift in Sources */,
				OBJ_155 /* Consts.swift in Sources */,
				OBJ_156 /* Error.swift in Sources */,
				OBJ_157 /* Extensions.swift in Sources */,
				OBJ_158 /* Formatter.swift in Sources */,
				OBJ_159 /* Jay.swift in Sources */,
				OBJ_160 /* NativeParser.swift in Sources */,
				OBJ_161 /* NativeTypeConversions.swift in Sources */,
				OBJ_162 /* NullParser.swift in Sources */,
				OBJ_163 /* NumberParser.swift in Sources */,
				OBJ_164 /* ObjectParser.swift in Sources */,
				OBJ_165 /* OutputStream.swift in Sources */,
				OBJ_166 /* Parser.swift in Sources */,
				OBJ_167 /* Reader.swift in Sources */,
				OBJ_168 /* RootParser.swift in Sources */,
				OBJ_169 /* StringParser.swift in Sources */,
				OBJ_170 /* Types.swift in Sources */,
				OBJ_171 /* ValueParser.swift in Sources */,
			);
			runOnlyForDeploymentPostprocessing = 0;
		};
		OBJ_178 /* Sources */ = {
			isa = PBXSourcesBuildPhase;
			buildActionMask = 0;
			files = (
				OBJ_179 /* posix.c in Sources */,
			);
			runOnlyForDeploymentPostprocessing = 0;
		};
		OBJ_185 /* Sources */ = {
			isa = PBXSourcesBuildPhase;
			buildActionMask = 0;
			files = (
				OBJ_186 /* Condition.swift in Sources */,
				OBJ_187 /* Environment.swift in Sources */,
				OBJ_188 /* FileDescriptor.swift in Sources */,
				OBJ_189 /* Lock.swift in Sources */,
				OBJ_190 /* PID.swift in Sources */,
				OBJ_191 /* Regex.swift in Sources */,
				OBJ_192 /* Spawn.swift in Sources */,
				OBJ_193 /* System.swift in Sources */,
				OBJ_194 /* SystemError.swift in Sources */,
				OBJ_195 /* Thread.swift in Sources */,
				OBJ_196 /* Wait.swift in Sources */,
			);
			runOnlyForDeploymentPostprocessing = 0;
		};
		OBJ_204 /* Sources */ = {
			isa = PBXSourcesBuildPhase;
			buildActionMask = 0;
			files = (
				OBJ_205 /* ArgumentConvertible.swift in Sources */,
				OBJ_206 /* ArgumentDescription.swift in Sources */,
				OBJ_207 /* ArgumentParser.swift in Sources */,
				OBJ_208 /* Command.swift in Sources */,
				OBJ_209 /* CommandRunner.swift in Sources */,
				OBJ_210 /* Commands.swift in Sources */,
				OBJ_211 /* CommandType.swift in Sources */,
				OBJ_212 /* Error.swift in Sources */,
				OBJ_213 /* Group.swift in Sources */,
			);
			runOnlyForDeploymentPostprocessing = 0;
		};
		OBJ_221 /* Sources */ = {
			isa = PBXSourcesBuildPhase;
			buildActionMask = 0;
			files = (
				OBJ_222 /* Base16.swift in Sources */,
				OBJ_223 /* Base64.swift in Sources */,
				OBJ_224 /* Batteries.swift in Sources */,
				OBJ_225 /* Belt.swift in Sources */,
				OBJ_226 /* ByteArray.swift in Sources */,
				OBJ_227 /* ContentType.swift in Sources */,
				OBJ_228 /* Cookie.swift in Sources */,
				OBJ_229 /* ETag.swift in Sources */,
				OBJ_230 /* FileStream.swift in Sources */,
				OBJ_231 /* Handler.swift in Sources */,
				OBJ_232 /* HeaderList.swift in Sources */,
				OBJ_233 /* Html.swift in Sources */,
				OBJ_234 /* HtmlConvertible.swift in Sources */,
				OBJ_235 /* HttpDate.swift in Sources */,
				OBJ_236 /* JD.swift in Sources */,
				OBJ_237 /* LinuxFixes.swift in Sources */,
				OBJ_238 /* Log.swift in Sources */,
				OBJ_239 /* Logger.swift in Sources */,
				OBJ_240 /* MD5.swift in Sources */,
				OBJ_241 /* Method.swift in Sources */,
				OBJ_242 /* Middleware.swift in Sources */,
				OBJ_243 /* Mime.swift in Sources */,
				OBJ_244 /* NotModified.swift in Sources */,
				OBJ_245 /* Query.swift in Sources */,
				OBJ_246 /* RegExp.swift in Sources */,
				OBJ_247 /* RemoveTrailingSlash.swift in Sources */,
				OBJ_248 /* Request.swift in Sources */,
				OBJ_249 /* RequestBody.swift in Sources */,
				OBJ_250 /* Response.swift in Sources */,
				OBJ_251 /* Router.swift in Sources */,
				OBJ_252 /* Server.swift in Sources */,
				OBJ_253 /* ServeStatic.swift in Sources */,
				OBJ_254 /* Socket.swift in Sources */,
				OBJ_255 /* SocketParser.swift in Sources */,
				OBJ_256 /* SocketServer.swift in Sources */,
				OBJ_257 /* Status.swift in Sources */,
				OBJ_258 /* Storable.swift in Sources */,
				OBJ_259 /* Streamable.swift in Sources */,
				OBJ_260 /* StringExtensions.swift in Sources */,
				OBJ_261 /* Tappable.swift in Sources */,
			);
			runOnlyForDeploymentPostprocessing = 0;
		};
		OBJ_279 /* Sources */ = {
			isa = PBXSourcesBuildPhase;
			buildActionMask = 0;
			files = (
				OBJ_280 /* HanselTests.swift in Sources */,
			);
			runOnlyForDeploymentPostprocessing = 0;
		};
/* End PBXSourcesBuildPhase section */

/* Begin PBXTargetDependency section */
		OBJ_145 /* PBXTargetDependency */ = {
			isa = PBXTargetDependency;
			target = OBJ_123 /* Spectre */;
			targetProxy = D914F2401DD44AC600C65837 /* PBXContainerItemProxy */;
		};
		OBJ_199 /* PBXTargetDependency */ = {
			isa = PBXTargetDependency;
			target = OBJ_173 /* CPOSIX */;
			targetProxy = D914F2441DD44AC600C65837 /* PBXContainerItemProxy */;
		};
		OBJ_216 /* PBXTargetDependency */ = {
			isa = PBXTargetDependency;
			target = OBJ_123 /* Spectre */;
			targetProxy = D914F2461DD44AC600C65837 /* PBXContainerItemProxy */;
		};
		OBJ_269 /* PBXTargetDependency */ = {
			isa = PBXTargetDependency;
			target = OBJ_123 /* Spectre */;
			targetProxy = D914F23E1DD44AC600C65837 /* PBXContainerItemProxy */;
		};
		OBJ_270 /* PBXTargetDependency */ = {
			isa = PBXTargetDependency;
			target = OBJ_137 /* PathKit */;
			targetProxy = D914F23F1DD44AC600C65837 /* PBXContainerItemProxy */;
		};
		OBJ_271 /* PBXTargetDependency */ = {
			isa = PBXTargetDependency;
			target = OBJ_146 /* Jay */;
			targetProxy = D914F2411DD44AC600C65837 /* PBXContainerItemProxy */;
		};
		OBJ_272 /* PBXTargetDependency */ = {
			isa = PBXTargetDependency;
			target = OBJ_173 /* CPOSIX */;
			targetProxy = D914F2421DD44AC600C65837 /* PBXContainerItemProxy */;
		};
		OBJ_273 /* PBXTargetDependency */ = {
			isa = PBXTargetDependency;
			target = OBJ_181 /* POSIX */;
			targetProxy = D914F2431DD44AC600C65837 /* PBXContainerItemProxy */;
		};
		OBJ_274 /* PBXTargetDependency */ = {
			isa = PBXTargetDependency;
			target = OBJ_200 /* Commander */;
			targetProxy = D914F2451DD44AC600C65837 /* PBXContainerItemProxy */;
		};
		OBJ_289 /* PBXTargetDependency */ = {
			isa = PBXTargetDependency;
			target = OBJ_123 /* Spectre */;
			targetProxy = D914F2471DD44AC600C65837 /* PBXContainerItemProxy */;
		};
		OBJ_290 /* PBXTargetDependency */ = {
			isa = PBXTargetDependency;
			target = OBJ_137 /* PathKit */;
			targetProxy = D914F2481DD44AC600C65837 /* PBXContainerItemProxy */;
		};
		OBJ_291 /* PBXTargetDependency */ = {
			isa = PBXTargetDependency;
			target = OBJ_146 /* Jay */;
			targetProxy = D914F2491DD44AC600C65837 /* PBXContainerItemProxy */;
		};
		OBJ_292 /* PBXTargetDependency */ = {
			isa = PBXTargetDependency;
			target = OBJ_173 /* CPOSIX */;
			targetProxy = D914F24A1DD44AC600C65837 /* PBXContainerItemProxy */;
		};
		OBJ_293 /* PBXTargetDependency */ = {
			isa = PBXTargetDependency;
			target = OBJ_181 /* POSIX */;
			targetProxy = D914F24B1DD44AC600C65837 /* PBXContainerItemProxy */;
		};
		OBJ_294 /* PBXTargetDependency */ = {
			isa = PBXTargetDependency;
			target = OBJ_200 /* Commander */;
			targetProxy = D914F24C1DD44AC600C65837 /* PBXContainerItemProxy */;
		};
		OBJ_295 /* PBXTargetDependency */ = {
			isa = PBXTargetDependency;
			target = OBJ_217 /* Hansel */;
			targetProxy = D914F24D1DD44AC600C65837 /* PBXContainerItemProxy */;
		};
/* End PBXTargetDependency section */

/* Begin XCBuildConfiguration section */
		OBJ_125 /* Debug */ = {
			isa = XCBuildConfiguration;
			buildSettings = {
				ENABLE_TESTABILITY = YES;
				FRAMEWORK_SEARCH_PATHS = "$(PLATFORM_DIR)/Developer/Library/Frameworks";
				HEADER_SEARCH_PATHS = "";
				INFOPLIST_FILE = Hansel.xcodeproj/Spectre_Info.plist;
				LD_RUNPATH_SEARCH_PATHS = "$(TOOLCHAIN_DIR)/usr/lib/swift/macosx";
				OTHER_LDFLAGS = "$(inherited)";
				OTHER_SWIFT_FLAGS = "$(inherited)";
				PRODUCT_BUNDLE_IDENTIFIER = Spectre;
				PRODUCT_MODULE_NAME = "$(TARGET_NAME:c99extidentifier)";
				PRODUCT_NAME = "$(TARGET_NAME:c99extidentifier)";
				SUPPORTED_PLATFORMS = macosx;
				SWIFT_ACTIVE_COMPILATION_CONDITIONS = SWIFT_PACKAGE;
				SWIFT_VERSION = 3.0;
				TARGET_NAME = Spectre;
			};
			name = Debug;
		};
		OBJ_126 /* Release */ = {
			isa = XCBuildConfiguration;
			buildSettings = {
				ENABLE_TESTABILITY = YES;
				FRAMEWORK_SEARCH_PATHS = "$(PLATFORM_DIR)/Developer/Library/Frameworks";
				HEADER_SEARCH_PATHS = "";
				INFOPLIST_FILE = Hansel.xcodeproj/Spectre_Info.plist;
				LD_RUNPATH_SEARCH_PATHS = "$(TOOLCHAIN_DIR)/usr/lib/swift/macosx";
				OTHER_LDFLAGS = "$(inherited)";
				OTHER_SWIFT_FLAGS = "$(inherited)";
				PRODUCT_BUNDLE_IDENTIFIER = Spectre;
				PRODUCT_MODULE_NAME = "$(TARGET_NAME:c99extidentifier)";
				PRODUCT_NAME = "$(TARGET_NAME:c99extidentifier)";
				SUPPORTED_PLATFORMS = macosx;
				SWIFT_ACTIVE_COMPILATION_CONDITIONS = SWIFT_PACKAGE;
				SWIFT_VERSION = 3.0;
				TARGET_NAME = Spectre;
			};
			name = Release;
		};
		OBJ_139 /* Debug */ = {
			isa = XCBuildConfiguration;
			buildSettings = {
				ENABLE_TESTABILITY = YES;
				FRAMEWORK_SEARCH_PATHS = "$(PLATFORM_DIR)/Developer/Library/Frameworks";
				HEADER_SEARCH_PATHS = "";
				INFOPLIST_FILE = Hansel.xcodeproj/PathKit_Info.plist;
				LD_RUNPATH_SEARCH_PATHS = "$(TOOLCHAIN_DIR)/usr/lib/swift/macosx";
				OTHER_LDFLAGS = "$(inherited)";
				OTHER_SWIFT_FLAGS = "$(inherited)";
				PRODUCT_BUNDLE_IDENTIFIER = PathKit;
				PRODUCT_MODULE_NAME = "$(TARGET_NAME:c99extidentifier)";
				PRODUCT_NAME = "$(TARGET_NAME:c99extidentifier)";
				SUPPORTED_PLATFORMS = macosx;
				SWIFT_ACTIVE_COMPILATION_CONDITIONS = SWIFT_PACKAGE;
				SWIFT_VERSION = 3.0;
				TARGET_NAME = PathKit;
			};
			name = Debug;
		};
		OBJ_140 /* Release */ = {
			isa = XCBuildConfiguration;
			buildSettings = {
				ENABLE_TESTABILITY = YES;
				FRAMEWORK_SEARCH_PATHS = "$(PLATFORM_DIR)/Developer/Library/Frameworks";
				HEADER_SEARCH_PATHS = "";
				INFOPLIST_FILE = Hansel.xcodeproj/PathKit_Info.plist;
				LD_RUNPATH_SEARCH_PATHS = "$(TOOLCHAIN_DIR)/usr/lib/swift/macosx";
				OTHER_LDFLAGS = "$(inherited)";
				OTHER_SWIFT_FLAGS = "$(inherited)";
				PRODUCT_BUNDLE_IDENTIFIER = PathKit;
				PRODUCT_MODULE_NAME = "$(TARGET_NAME:c99extidentifier)";
				PRODUCT_NAME = "$(TARGET_NAME:c99extidentifier)";
				SUPPORTED_PLATFORMS = macosx;
				SWIFT_ACTIVE_COMPILATION_CONDITIONS = SWIFT_PACKAGE;
				SWIFT_VERSION = 3.0;
				TARGET_NAME = PathKit;
			};
			name = Release;
		};
		OBJ_148 /* Debug */ = {
			isa = XCBuildConfiguration;
			buildSettings = {
				ENABLE_TESTABILITY = YES;
				FRAMEWORK_SEARCH_PATHS = "$(PLATFORM_DIR)/Developer/Library/Frameworks";
				HEADER_SEARCH_PATHS = "";
				INFOPLIST_FILE = Hansel.xcodeproj/Jay_Info.plist;
				LD_RUNPATH_SEARCH_PATHS = "$(TOOLCHAIN_DIR)/usr/lib/swift/macosx";
				OTHER_LDFLAGS = "$(inherited)";
				OTHER_SWIFT_FLAGS = "$(inherited)";
				PRODUCT_BUNDLE_IDENTIFIER = Jay;
				PRODUCT_MODULE_NAME = "$(TARGET_NAME:c99extidentifier)";
				PRODUCT_NAME = "$(TARGET_NAME:c99extidentifier)";
				SUPPORTED_PLATFORMS = macosx;
				SWIFT_ACTIVE_COMPILATION_CONDITIONS = SWIFT_PACKAGE;
				SWIFT_VERSION = 3.0;
				TARGET_NAME = Jay;
			};
			name = Debug;
		};
		OBJ_149 /* Release */ = {
			isa = XCBuildConfiguration;
			buildSettings = {
				ENABLE_TESTABILITY = YES;
				FRAMEWORK_SEARCH_PATHS = "$(PLATFORM_DIR)/Developer/Library/Frameworks";
				HEADER_SEARCH_PATHS = "";
				INFOPLIST_FILE = Hansel.xcodeproj/Jay_Info.plist;
				LD_RUNPATH_SEARCH_PATHS = "$(TOOLCHAIN_DIR)/usr/lib/swift/macosx";
				OTHER_LDFLAGS = "$(inherited)";
				OTHER_SWIFT_FLAGS = "$(inherited)";
				PRODUCT_BUNDLE_IDENTIFIER = Jay;
				PRODUCT_MODULE_NAME = "$(TARGET_NAME:c99extidentifier)";
				PRODUCT_NAME = "$(TARGET_NAME:c99extidentifier)";
				SUPPORTED_PLATFORMS = macosx;
				SWIFT_ACTIVE_COMPILATION_CONDITIONS = SWIFT_PACKAGE;
				SWIFT_VERSION = 3.0;
				TARGET_NAME = Jay;
			};
			name = Release;
		};
		OBJ_175 /* Debug */ = {
			isa = XCBuildConfiguration;
			buildSettings = {
				DEFINES_MODULE = YES;
				ENABLE_TESTABILITY = YES;
				FRAMEWORK_SEARCH_PATHS = "$(PLATFORM_DIR)/Developer/Library/Frameworks";
				HEADER_SEARCH_PATHS = "Packages/CPOSIX-0.14.0/Sources/CPOSIX/include";
				INFOPLIST_FILE = Hansel.xcodeproj/CPOSIX_Info.plist;
				LD_RUNPATH_SEARCH_PATHS = "$(TOOLCHAIN_DIR)/usr/lib/swift/macosx";
				MODULEMAP_FILE = Hansel.xcodeproj/GeneratedModuleMap/CPOSIX/module.modulemap;
				OTHER_LDFLAGS = "$(inherited)";
				OTHER_SWIFT_FLAGS = "$(inherited)";
				PRODUCT_BUNDLE_IDENTIFIER = CPOSIX;
				PRODUCT_MODULE_NAME = "$(TARGET_NAME:c99extidentifier)";
				PRODUCT_NAME = "$(TARGET_NAME:c99extidentifier)";
				SUPPORTED_PLATFORMS = macosx;
				SWIFT_ACTIVE_COMPILATION_CONDITIONS = SWIFT_PACKAGE;
				SWIFT_VERSION = 3.0;
				TARGET_NAME = CPOSIX;
			};
			name = Debug;
		};
		OBJ_176 /* Release */ = {
			isa = XCBuildConfiguration;
			buildSettings = {
				DEFINES_MODULE = YES;
				ENABLE_TESTABILITY = YES;
				FRAMEWORK_SEARCH_PATHS = "$(PLATFORM_DIR)/Developer/Library/Frameworks";
				HEADER_SEARCH_PATHS = "Packages/CPOSIX-0.14.0/Sources/CPOSIX/include";
				INFOPLIST_FILE = Hansel.xcodeproj/CPOSIX_Info.plist;
				LD_RUNPATH_SEARCH_PATHS = "$(TOOLCHAIN_DIR)/usr/lib/swift/macosx";
				MODULEMAP_FILE = Hansel.xcodeproj/GeneratedModuleMap/CPOSIX/module.modulemap;
				OTHER_LDFLAGS = "$(inherited)";
				OTHER_SWIFT_FLAGS = "$(inherited)";
				PRODUCT_BUNDLE_IDENTIFIER = CPOSIX;
				PRODUCT_MODULE_NAME = "$(TARGET_NAME:c99extidentifier)";
				PRODUCT_NAME = "$(TARGET_NAME:c99extidentifier)";
				SUPPORTED_PLATFORMS = macosx;
				SWIFT_ACTIVE_COMPILATION_CONDITIONS = SWIFT_PACKAGE;
				SWIFT_VERSION = 3.0;
				TARGET_NAME = CPOSIX;
			};
			name = Release;
		};
		OBJ_183 /* Debug */ = {
			isa = XCBuildConfiguration;
			buildSettings = {
				ENABLE_TESTABILITY = YES;
				FRAMEWORK_SEARCH_PATHS = "$(PLATFORM_DIR)/Developer/Library/Frameworks";
				HEADER_SEARCH_PATHS = "Packages/CPOSIX-0.14.0/Sources/CPOSIX/include";
				INFOPLIST_FILE = Hansel.xcodeproj/POSIX_Info.plist;
				LD_RUNPATH_SEARCH_PATHS = "$(TOOLCHAIN_DIR)/usr/lib/swift/macosx";
				LIBRARY_SEARCH_PATHS = "$(PROJECT_TEMP_DIR)/SymlinkLibs/";
				OTHER_LDFLAGS = "$(inherited)";
				OTHER_SWIFT_FLAGS = "$(inherited)";
				PRODUCT_BUNDLE_IDENTIFIER = POSIX;
				PRODUCT_MODULE_NAME = "$(TARGET_NAME:c99extidentifier)";
				PRODUCT_NAME = "$(TARGET_NAME:c99extidentifier)";
				SUPPORTED_PLATFORMS = macosx;
				SWIFT_ACTIVE_COMPILATION_CONDITIONS = SWIFT_PACKAGE;
				SWIFT_VERSION = 3.0;
				TARGET_NAME = POSIX;
			};
			name = Debug;
		};
		OBJ_184 /* Release */ = {
			isa = XCBuildConfiguration;
			buildSettings = {
				ENABLE_TESTABILITY = YES;
				FRAMEWORK_SEARCH_PATHS = "$(PLATFORM_DIR)/Developer/Library/Frameworks";
				HEADER_SEARCH_PATHS = "Packages/CPOSIX-0.14.0/Sources/CPOSIX/include";
				INFOPLIST_FILE = Hansel.xcodeproj/POSIX_Info.plist;
				LD_RUNPATH_SEARCH_PATHS = "$(TOOLCHAIN_DIR)/usr/lib/swift/macosx";
				LIBRARY_SEARCH_PATHS = "$(PROJECT_TEMP_DIR)/SymlinkLibs/";
				OTHER_LDFLAGS = "$(inherited)";
				OTHER_SWIFT_FLAGS = "$(inherited)";
				PRODUCT_BUNDLE_IDENTIFIER = POSIX;
				PRODUCT_MODULE_NAME = "$(TARGET_NAME:c99extidentifier)";
				PRODUCT_NAME = "$(TARGET_NAME:c99extidentifier)";
				SUPPORTED_PLATFORMS = macosx;
				SWIFT_ACTIVE_COMPILATION_CONDITIONS = SWIFT_PACKAGE;
				SWIFT_VERSION = 3.0;
				TARGET_NAME = POSIX;
			};
			name = Release;
		};
		OBJ_202 /* Debug */ = {
			isa = XCBuildConfiguration;
			buildSettings = {
				ENABLE_TESTABILITY = YES;
				FRAMEWORK_SEARCH_PATHS = "$(PLATFORM_DIR)/Developer/Library/Frameworks";
				HEADER_SEARCH_PATHS = "";
				INFOPLIST_FILE = Hansel.xcodeproj/Commander_Info.plist;
				LD_RUNPATH_SEARCH_PATHS = "$(TOOLCHAIN_DIR)/usr/lib/swift/macosx";
				OTHER_LDFLAGS = "$(inherited)";
				OTHER_SWIFT_FLAGS = "$(inherited)";
				PRODUCT_BUNDLE_IDENTIFIER = Commander;
				PRODUCT_MODULE_NAME = "$(TARGET_NAME:c99extidentifier)";
				PRODUCT_NAME = "$(TARGET_NAME:c99extidentifier)";
				SUPPORTED_PLATFORMS = macosx;
				SWIFT_ACTIVE_COMPILATION_CONDITIONS = SWIFT_PACKAGE;
				SWIFT_VERSION = 3.0;
				TARGET_NAME = Commander;
			};
			name = Debug;
		};
		OBJ_203 /* Release */ = {
			isa = XCBuildConfiguration;
			buildSettings = {
				ENABLE_TESTABILITY = YES;
				FRAMEWORK_SEARCH_PATHS = "$(PLATFORM_DIR)/Developer/Library/Frameworks";
				HEADER_SEARCH_PATHS = "";
				INFOPLIST_FILE = Hansel.xcodeproj/Commander_Info.plist;
				LD_RUNPATH_SEARCH_PATHS = "$(TOOLCHAIN_DIR)/usr/lib/swift/macosx";
				OTHER_LDFLAGS = "$(inherited)";
				OTHER_SWIFT_FLAGS = "$(inherited)";
				PRODUCT_BUNDLE_IDENTIFIER = Commander;
				PRODUCT_MODULE_NAME = "$(TARGET_NAME:c99extidentifier)";
				PRODUCT_NAME = "$(TARGET_NAME:c99extidentifier)";
				SUPPORTED_PLATFORMS = macosx;
				SWIFT_ACTIVE_COMPILATION_CONDITIONS = SWIFT_PACKAGE;
				SWIFT_VERSION = 3.0;
				TARGET_NAME = Commander;
			};
			name = Release;
		};
		OBJ_219 /* Debug */ = {
			isa = XCBuildConfiguration;
			buildSettings = {
				ENABLE_TESTABILITY = YES;
				FRAMEWORK_SEARCH_PATHS = "$(PLATFORM_DIR)/Developer/Library/Frameworks";
				HEADER_SEARCH_PATHS = "Packages/CPOSIX-0.14.0/Sources/CPOSIX/include";
				INFOPLIST_FILE = Hansel.xcodeproj/Hansel_Info.plist;
				LD_RUNPATH_SEARCH_PATHS = "$(TOOLCHAIN_DIR)/usr/lib/swift/macosx";
				LIBRARY_SEARCH_PATHS = "$(PROJECT_TEMP_DIR)/SymlinkLibs/";
				OTHER_LDFLAGS = "$(inherited)";
				OTHER_SWIFT_FLAGS = "$(inherited)";
				PRODUCT_BUNDLE_IDENTIFIER = Hansel;
				PRODUCT_MODULE_NAME = "$(TARGET_NAME:c99extidentifier)";
				PRODUCT_NAME = "$(TARGET_NAME:c99extidentifier)";
				SUPPORTED_PLATFORMS = macosx;
				SWIFT_ACTIVE_COMPILATION_CONDITIONS = SWIFT_PACKAGE;
				SWIFT_VERSION = 3.0;
				TARGET_NAME = Hansel;
			};
			name = Debug;
		};
		OBJ_220 /* Release */ = {
			isa = XCBuildConfiguration;
			buildSettings = {
				ENABLE_TESTABILITY = YES;
				FRAMEWORK_SEARCH_PATHS = "$(PLATFORM_DIR)/Developer/Library/Frameworks";
				HEADER_SEARCH_PATHS = "Packages/CPOSIX-0.14.0/Sources/CPOSIX/include";
				INFOPLIST_FILE = Hansel.xcodeproj/Hansel_Info.plist;
				LD_RUNPATH_SEARCH_PATHS = "$(TOOLCHAIN_DIR)/usr/lib/swift/macosx";
				LIBRARY_SEARCH_PATHS = "$(PROJECT_TEMP_DIR)/SymlinkLibs/";
				OTHER_LDFLAGS = "$(inherited)";
				OTHER_SWIFT_FLAGS = "$(inherited)";
				PRODUCT_BUNDLE_IDENTIFIER = Hansel;
				PRODUCT_MODULE_NAME = "$(TARGET_NAME:c99extidentifier)";
				PRODUCT_NAME = "$(TARGET_NAME:c99extidentifier)";
				SUPPORTED_PLATFORMS = macosx;
				SWIFT_ACTIVE_COMPILATION_CONDITIONS = SWIFT_PACKAGE;
				SWIFT_VERSION = 3.0;
				TARGET_NAME = Hansel;
			};
			name = Release;
		};
		OBJ_277 /* Debug */ = {
			isa = XCBuildConfiguration;
			buildSettings = {
				EMBEDDED_CONTENT_CONTAINS_SWIFT = YES;
				FRAMEWORK_SEARCH_PATHS = "$(PLATFORM_DIR)/Developer/Library/Frameworks";
				HEADER_SEARCH_PATHS = "Packages/CPOSIX-0.14.0/Sources/CPOSIX/include";
				INFOPLIST_FILE = Hansel.xcodeproj/HanselTests_Info.plist;
				LD_RUNPATH_SEARCH_PATHS = "@loader_path/../Frameworks";
				LIBRARY_SEARCH_PATHS = "$(PROJECT_TEMP_DIR)/SymlinkLibs/";
				OTHER_LDFLAGS = "$(inherited)";
				OTHER_SWIFT_FLAGS = "$(inherited)";
				SUPPORTED_PLATFORMS = macosx;
				SWIFT_ACTIVE_COMPILATION_CONDITIONS = SWIFT_PACKAGE;
				SWIFT_VERSION = 3.0;
				TARGET_NAME = HanselTests;
			};
			name = Debug;
		};
		OBJ_278 /* Release */ = {
			isa = XCBuildConfiguration;
			buildSettings = {
				EMBEDDED_CONTENT_CONTAINS_SWIFT = YES;
				FRAMEWORK_SEARCH_PATHS = "$(PLATFORM_DIR)/Developer/Library/Frameworks";
				HEADER_SEARCH_PATHS = "Packages/CPOSIX-0.14.0/Sources/CPOSIX/include";
				INFOPLIST_FILE = Hansel.xcodeproj/HanselTests_Info.plist;
				LD_RUNPATH_SEARCH_PATHS = "@loader_path/../Frameworks";
				LIBRARY_SEARCH_PATHS = "$(PROJECT_TEMP_DIR)/SymlinkLibs/";
				OTHER_LDFLAGS = "$(inherited)";
				OTHER_SWIFT_FLAGS = "$(inherited)";
				SUPPORTED_PLATFORMS = macosx;
				SWIFT_ACTIVE_COMPILATION_CONDITIONS = SWIFT_PACKAGE;
				SWIFT_VERSION = 3.0;
				TARGET_NAME = HanselTests;
			};
			name = Release;
		};
		OBJ_3 /* Debug */ = {
			isa = XCBuildConfiguration;
			buildSettings = {
				COMBINE_HIDPI_IMAGES = YES;
				COPY_PHASE_STRIP = NO;
				DEBUG_INFORMATION_FORMAT = dwarf;
				DYLIB_INSTALL_NAME_BASE = "@rpath";
				ENABLE_NS_ASSERTIONS = YES;
				GCC_OPTIMIZATION_LEVEL = 0;
				MACOSX_DEPLOYMENT_TARGET = 10.10;
				ONLY_ACTIVE_ARCH = YES;
				OTHER_SWIFT_FLAGS = "-DXcode";
				PRODUCT_NAME = "$(TARGET_NAME)";
				SUPPORTED_PLATFORMS = "macosx iphoneos iphonesimulator appletvos appletvsimulator watchos watchsimulator";
				SWIFT_OPTIMIZATION_LEVEL = "-Onone";
				USE_HEADERMAP = NO;
			};
			name = Debug;
		};
		OBJ_4 /* Release */ = {
			isa = XCBuildConfiguration;
			buildSettings = {
				COMBINE_HIDPI_IMAGES = YES;
				COPY_PHASE_STRIP = YES;
				DEBUG_INFORMATION_FORMAT = "dwarf-with-dsym";
				DYLIB_INSTALL_NAME_BASE = "@rpath";
				GCC_OPTIMIZATION_LEVEL = s;
				MACOSX_DEPLOYMENT_TARGET = 10.10;
				OTHER_SWIFT_FLAGS = "-DXcode";
				PRODUCT_NAME = "$(TARGET_NAME)";
				SUPPORTED_PLATFORMS = "macosx iphoneos iphonesimulator appletvos appletvsimulator watchos watchsimulator";
				SWIFT_OPTIMIZATION_LEVEL = "-O";
				USE_HEADERMAP = NO;
			};
			name = Release;
		};
/* End XCBuildConfiguration section */

/* Begin XCConfigurationList section */
		OBJ_124 /* Build configuration list for PBXNativeTarget "Spectre" */ = {
			isa = XCConfigurationList;
			buildConfigurations = (
				OBJ_125 /* Debug */,
				OBJ_126 /* Release */,
			);
			defaultConfigurationIsVisible = 0;
			defaultConfigurationName = Debug;
		};
		OBJ_138 /* Build configuration list for PBXNativeTarget "PathKit" */ = {
			isa = XCConfigurationList;
			buildConfigurations = (
				OBJ_139 /* Debug */,
				OBJ_140 /* Release */,
			);
			defaultConfigurationIsVisible = 0;
			defaultConfigurationName = Debug;
		};
		OBJ_147 /* Build configuration list for PBXNativeTarget "Jay" */ = {
			isa = XCConfigurationList;
			buildConfigurations = (
				OBJ_148 /* Debug */,
				OBJ_149 /* Release */,
			);
			defaultConfigurationIsVisible = 0;
			defaultConfigurationName = Debug;
		};
		OBJ_174 /* Build configuration list for PBXNativeTarget "CPOSIX" */ = {
			isa = XCConfigurationList;
			buildConfigurations = (
				OBJ_175 /* Debug */,
				OBJ_176 /* Release */,
			);
			defaultConfigurationIsVisible = 0;
			defaultConfigurationName = Debug;
		};
		OBJ_182 /* Build configuration list for PBXNativeTarget "POSIX" */ = {
			isa = XCConfigurationList;
			buildConfigurations = (
				OBJ_183 /* Debug */,
				OBJ_184 /* Release */,
			);
			defaultConfigurationIsVisible = 0;
			defaultConfigurationName = Debug;
		};
		OBJ_2 /* Build configuration list for PBXProject "Hansel" */ = {
			isa = XCConfigurationList;
			buildConfigurations = (
				OBJ_3 /* Debug */,
				OBJ_4 /* Release */,
			);
			defaultConfigurationIsVisible = 0;
			defaultConfigurationName = Debug;
		};
		OBJ_201 /* Build configuration list for PBXNativeTarget "Commander" */ = {
			isa = XCConfigurationList;
			buildConfigurations = (
				OBJ_202 /* Debug */,
				OBJ_203 /* Release */,
			);
			defaultConfigurationIsVisible = 0;
			defaultConfigurationName = Debug;
		};
		OBJ_218 /* Build configuration list for PBXNativeTarget "Hansel" */ = {
			isa = XCConfigurationList;
			buildConfigurations = (
				OBJ_219 /* Debug */,
				OBJ_220 /* Release */,
			);
			defaultConfigurationIsVisible = 0;
			defaultConfigurationName = Debug;
		};
		OBJ_276 /* Build configuration list for PBXNativeTarget "HanselTests" */ = {
			isa = XCConfigurationList;
			buildConfigurations = (
				OBJ_277 /* Debug */,
				OBJ_278 /* Release */,
			);
			defaultConfigurationIsVisible = 0;
			defaultConfigurationName = Debug;
		};
/* End XCConfigurationList section */
	};
	rootObject = OBJ_1 /* Project object */;
}
