// !$*UTF8*$!
{
	archiveVersion = 1;
	classes = {
	};
	objectVersion = 46;
	objects = {

/* Begin PBXBuildFile section */
		D906560E1C864D160097FB19 /* JD.swift in Sources */ = {isa = PBXBuildFile; fileRef = D906560D1C864D160097FB19 /* JD.swift */; };
		D92AA2251C79E0840063C79B /* main.swift in Sources */ = {isa = PBXBuildFile; fileRef = D92AA2241C79E0840063C79B /* main.swift */; };
		D92AA2351C79E1000063C79B /* Server.swift in Sources */ = {isa = PBXBuildFile; fileRef = D92AA2281C79E1000063C79B /* Server.swift */; };
		D92AA2371C79E1000063C79B /* Middleware.swift in Sources */ = {isa = PBXBuildFile; fileRef = D92AA22A1C79E1000063C79B /* Middleware.swift */; };
		D92AA2391C79E1000063C79B /* Router.swift in Sources */ = {isa = PBXBuildFile; fileRef = D92AA22C1C79E1000063C79B /* Router.swift */; };
		D92AA23B1C79E1000063C79B /* Handler.swift in Sources */ = {isa = PBXBuildFile; fileRef = D92AA22E1C79E1000063C79B /* Handler.swift */; };
		D92AA23C1C79E1000063C79B /* Belt.swift in Sources */ = {isa = PBXBuildFile; fileRef = D92AA22F1C79E1000063C79B /* Belt.swift */; };
		D93D90201C83CB77009A611B /* HeaderList.swift in Sources */ = {isa = PBXBuildFile; fileRef = D93D901F1C83CB77009A611B /* HeaderList.swift */; };
		D93D90221C83CC00009A611B /* Storable.swift in Sources */ = {isa = PBXBuildFile; fileRef = D93D90211C83CC00009A611B /* Storable.swift */; };
		D93D90271C83CCD9009A611B /* Socket.swift in Sources */ = {isa = PBXBuildFile; fileRef = D93D90241C83CCD9009A611B /* Socket.swift */; };
		D93D90281C83CCD9009A611B /* SocketParser.swift in Sources */ = {isa = PBXBuildFile; fileRef = D93D90251C83CCD9009A611B /* SocketParser.swift */; };
		D93D90291C83CCD9009A611B /* SocketServer.swift in Sources */ = {isa = PBXBuildFile; fileRef = D93D90261C83CCD9009A611B /* SocketServer.swift */; };
		D93D90301C83CD71009A611B /* Batteries.swift in Sources */ = {isa = PBXBuildFile; fileRef = D93D902B1C83CD71009A611B /* Batteries.swift */; };
		D93D90311C83CD71009A611B /* Cookie.swift in Sources */ = {isa = PBXBuildFile; fileRef = D93D902C1C83CD71009A611B /* Cookie.swift */; };
		D93D90331C83CD71009A611B /* Logger.swift in Sources */ = {isa = PBXBuildFile; fileRef = D93D902E1C83CD71009A611B /* Logger.swift */; };
		D93D90341C83CD71009A611B /* ServeStatic.swift in Sources */ = {isa = PBXBuildFile; fileRef = D93D902F1C83CD71009A611B /* ServeStatic.swift */; };
		D93D90361C83DBF2009A611B /* Html.swift in Sources */ = {isa = PBXBuildFile; fileRef = D93D90351C83DBF2009A611B /* Html.swift */; };
		D94F2EE41C851070005767EF /* Streamable.swift in Sources */ = {isa = PBXBuildFile; fileRef = D94F2EE31C851070005767EF /* Streamable.swift */; };
		D94F2EE61C852A16005767EF /* Tappable.swift in Sources */ = {isa = PBXBuildFile; fileRef = D94F2EE51C852A16005767EF /* Tappable.swift */; };
		D94F2EED1C853B4A005767EF /* FileStream.swift in Sources */ = {isa = PBXBuildFile; fileRef = D94F2EEC1C853B4A005767EF /* FileStream.swift */; };
		D94F2EF21C85622D005767EF /* Method.swift in Sources */ = {isa = PBXBuildFile; fileRef = D94F2EEF1C85622D005767EF /* Method.swift */; };
		D94F2EF31C85622D005767EF /* Request.swift in Sources */ = {isa = PBXBuildFile; fileRef = D94F2EF01C85622D005767EF /* Request.swift */; };
		D94F2EF41C85622D005767EF /* RequestBody.swift in Sources */ = {isa = PBXBuildFile; fileRef = D94F2EF11C85622D005767EF /* RequestBody.swift */; };
		D94F2EF81C856267005767EF /* Response.swift in Sources */ = {isa = PBXBuildFile; fileRef = D94F2EF61C856267005767EF /* Response.swift */; };
		D94F2EF91C856267005767EF /* Status.swift in Sources */ = {isa = PBXBuildFile; fileRef = D94F2EF71C856267005767EF /* Status.swift */; };
		D94F2EFB1C856371005767EF /* NotModified.swift in Sources */ = {isa = PBXBuildFile; fileRef = D94F2EFA1C856371005767EF /* NotModified.swift */; };
		D94F2F011C85858A005767EF /* ByteArray.swift in Sources */ = {isa = PBXBuildFile; fileRef = D94F2F001C85858A005767EF /* ByteArray.swift */; };
		D94F2F0D1C858AC9005767EF /* ContentType.swift in Sources */ = {isa = PBXBuildFile; fileRef = D94F2F071C858AC9005767EF /* ContentType.swift */; };
		D94F2F0E1C858AC9005767EF /* ETag.swift in Sources */ = {isa = PBXBuildFile; fileRef = D94F2F081C858AC9005767EF /* ETag.swift */; };
		D94F2F0F1C858AC9005767EF /* HttpDate.swift in Sources */ = {isa = PBXBuildFile; fileRef = D94F2F091C858AC9005767EF /* HttpDate.swift */; };
		D94F2F101C858AC9005767EF /* Mime.swift in Sources */ = {isa = PBXBuildFile; fileRef = D94F2F0A1C858AC9005767EF /* Mime.swift */; };
		D94F2F111C858AC9005767EF /* Query.swift in Sources */ = {isa = PBXBuildFile; fileRef = D94F2F0B1C858AC9005767EF /* Query.swift */; };
		D94F2F121C858AC9005767EF /* RegExp.swift in Sources */ = {isa = PBXBuildFile; fileRef = D94F2F0C1C858AC9005767EF /* RegExp.swift */; };
		D94F2F151C858B90005767EF /* Base16.swift in Sources */ = {isa = PBXBuildFile; fileRef = D94F2F131C858B90005767EF /* Base16.swift */; };
		D94F2F161C858B90005767EF /* Base64.swift in Sources */ = {isa = PBXBuildFile; fileRef = D94F2F141C858B90005767EF /* Base64.swift */; };
		D94F2F181C858DD6005767EF /* RemoveTrailingSlash.swift in Sources */ = {isa = PBXBuildFile; fileRef = D94F2F171C858DD6005767EF /* RemoveTrailingSlash.swift */; };
		D9BDA02D1C84122100494728 /* HtmlConvertible.swift in Sources */ = {isa = PBXBuildFile; fileRef = D9BDA02C1C84122100494728 /* HtmlConvertible.swift */; };
		E9E2226E3AA301228CBF8D08 /* Pods_Hansel.framework in Frameworks */ = {isa = PBXBuildFile; fileRef = 04A34CCEFE83A1C183127FF4 /* Pods_Hansel.framework */; };
/* End PBXBuildFile section */

/* Begin PBXFileReference section */
		01A63E7C1D63BEE1E5C919ED /* Pods-Hansel.release.xcconfig */ = {isa = PBXFileReference; includeInIndex = 1; lastKnownFileType = text.xcconfig; name = "Pods-Hansel.release.xcconfig"; path = "Pods/Target Support Files/Pods-Hansel/Pods-Hansel.release.xcconfig"; sourceTree = "<group>"; };
		04A34CCEFE83A1C183127FF4 /* Pods_Hansel.framework */ = {isa = PBXFileReference; explicitFileType = wrapper.framework; includeInIndex = 0; path = Pods_Hansel.framework; sourceTree = BUILT_PRODUCTS_DIR; };
		CA3B6037C0ED7555216156BF /* Pods-Hansel.debug.xcconfig */ = {isa = PBXFileReference; includeInIndex = 1; lastKnownFileType = text.xcconfig; name = "Pods-Hansel.debug.xcconfig"; path = "Pods/Target Support Files/Pods-Hansel/Pods-Hansel.debug.xcconfig"; sourceTree = "<group>"; };
		D906560D1C864D160097FB19 /* JD.swift */ = {isa = PBXFileReference; fileEncoding = 4; lastKnownFileType = sourcecode.swift; name = JD.swift; path = Sources/JD.swift; sourceTree = "<group>"; };
		D92AA2131C79E05E0063C79B /* Hansel.app */ = {isa = PBXFileReference; explicitFileType = wrapper.application; includeInIndex = 0; path = Hansel.app; sourceTree = BUILT_PRODUCTS_DIR; };
		D92AA21D1C79E05E0063C79B /* Info.plist */ = {isa = PBXFileReference; lastKnownFileType = text.plist.xml; path = Info.plist; sourceTree = "<group>"; };
		D92AA2241C79E0840063C79B /* main.swift */ = {isa = PBXFileReference; fileEncoding = 4; lastKnownFileType = sourcecode.swift; name = main.swift; path = Sources/main.swift; sourceTree = "<group>"; };
		D92AA2281C79E1000063C79B /* Server.swift */ = {isa = PBXFileReference; fileEncoding = 4; lastKnownFileType = sourcecode.swift; name = Server.swift; path = Sources/Server.swift; sourceTree = "<group>"; };
		D92AA22A1C79E1000063C79B /* Middleware.swift */ = {isa = PBXFileReference; fileEncoding = 4; lastKnownFileType = sourcecode.swift; name = Middleware.swift; path = Sources/Middleware.swift; sourceTree = "<group>"; };
		D92AA22C1C79E1000063C79B /* Router.swift */ = {isa = PBXFileReference; fileEncoding = 4; lastKnownFileType = sourcecode.swift; name = Router.swift; path = Sources/Router.swift; sourceTree = "<group>"; };
		D92AA22E1C79E1000063C79B /* Handler.swift */ = {isa = PBXFileReference; fileEncoding = 4; lastKnownFileType = sourcecode.swift; name = Handler.swift; path = Sources/Handler.swift; sourceTree = "<group>"; };
		D92AA22F1C79E1000063C79B /* Belt.swift */ = {isa = PBXFileReference; fileEncoding = 4; lastKnownFileType = sourcecode.swift; name = Belt.swift; path = Sources/Belt.swift; sourceTree = "<group>"; };
		D93D901F1C83CB77009A611B /* HeaderList.swift */ = {isa = PBXFileReference; fileEncoding = 4; lastKnownFileType = sourcecode.swift; path = HeaderList.swift; sourceTree = "<group>"; };
		D93D90211C83CC00009A611B /* Storable.swift */ = {isa = PBXFileReference; fileEncoding = 4; lastKnownFileType = sourcecode.swift; path = Storable.swift; sourceTree = "<group>"; };
		D93D90241C83CCD9009A611B /* Socket.swift */ = {isa = PBXFileReference; fileEncoding = 4; lastKnownFileType = sourcecode.swift; path = Socket.swift; sourceTree = "<group>"; };
		D93D90251C83CCD9009A611B /* SocketParser.swift */ = {isa = PBXFileReference; fileEncoding = 4; lastKnownFileType = sourcecode.swift; path = SocketParser.swift; sourceTree = "<group>"; };
		D93D90261C83CCD9009A611B /* SocketServer.swift */ = {isa = PBXFileReference; fileEncoding = 4; lastKnownFileType = sourcecode.swift; path = SocketServer.swift; sourceTree = "<group>"; };
		D93D902B1C83CD71009A611B /* Batteries.swift */ = {isa = PBXFileReference; fileEncoding = 4; lastKnownFileType = sourcecode.swift; path = Batteries.swift; sourceTree = "<group>"; };
		D93D902C1C83CD71009A611B /* Cookie.swift */ = {isa = PBXFileReference; fileEncoding = 4; lastKnownFileType = sourcecode.swift; path = Cookie.swift; sourceTree = "<group>"; };
		D93D902E1C83CD71009A611B /* Logger.swift */ = {isa = PBXFileReference; fileEncoding = 4; lastKnownFileType = sourcecode.swift; path = Logger.swift; sourceTree = "<group>"; };
		D93D902F1C83CD71009A611B /* ServeStatic.swift */ = {isa = PBXFileReference; fileEncoding = 4; lastKnownFileType = sourcecode.swift; path = ServeStatic.swift; sourceTree = "<group>"; };
		D93D90351C83DBF2009A611B /* Html.swift */ = {isa = PBXFileReference; fileEncoding = 4; lastKnownFileType = sourcecode.swift; name = Html.swift; path = Sources/Html.swift; sourceTree = "<group>"; };
		D94F2EE31C851070005767EF /* Streamable.swift */ = {isa = PBXFileReference; fileEncoding = 4; lastKnownFileType = sourcecode.swift; path = Streamable.swift; sourceTree = "<group>"; };
		D94F2EE51C852A16005767EF /* Tappable.swift */ = {isa = PBXFileReference; fileEncoding = 4; lastKnownFileType = sourcecode.swift; path = Tappable.swift; sourceTree = "<group>"; };
		D94F2EEC1C853B4A005767EF /* FileStream.swift */ = {isa = PBXFileReference; fileEncoding = 4; lastKnownFileType = sourcecode.swift; name = FileStream.swift; path = Sources/FileStream.swift; sourceTree = "<group>"; };
		D94F2EEF1C85622D005767EF /* Method.swift */ = {isa = PBXFileReference; fileEncoding = 4; lastKnownFileType = sourcecode.swift; path = Method.swift; sourceTree = "<group>"; };
		D94F2EF01C85622D005767EF /* Request.swift */ = {isa = PBXFileReference; fileEncoding = 4; lastKnownFileType = sourcecode.swift; path = Request.swift; sourceTree = "<group>"; };
		D94F2EF11C85622D005767EF /* RequestBody.swift */ = {isa = PBXFileReference; fileEncoding = 4; lastKnownFileType = sourcecode.swift; path = RequestBody.swift; sourceTree = "<group>"; };
		D94F2EF61C856267005767EF /* Response.swift */ = {isa = PBXFileReference; fileEncoding = 4; lastKnownFileType = sourcecode.swift; path = Response.swift; sourceTree = "<group>"; };
		D94F2EF71C856267005767EF /* Status.swift */ = {isa = PBXFileReference; fileEncoding = 4; lastKnownFileType = sourcecode.swift; path = Status.swift; sourceTree = "<group>"; };
		D94F2EFA1C856371005767EF /* NotModified.swift */ = {isa = PBXFileReference; fileEncoding = 4; lastKnownFileType = sourcecode.swift; path = NotModified.swift; sourceTree = "<group>"; };
		D94F2F001C85858A005767EF /* ByteArray.swift */ = {isa = PBXFileReference; fileEncoding = 4; lastKnownFileType = sourcecode.swift; name = ByteArray.swift; path = Sources/ByteArray.swift; sourceTree = "<group>"; };
		D94F2F071C858AC9005767EF /* ContentType.swift */ = {isa = PBXFileReference; fileEncoding = 4; lastKnownFileType = sourcecode.swift; path = ContentType.swift; sourceTree = "<group>"; };
		D94F2F081C858AC9005767EF /* ETag.swift */ = {isa = PBXFileReference; fileEncoding = 4; lastKnownFileType = sourcecode.swift; path = ETag.swift; sourceTree = "<group>"; };
		D94F2F091C858AC9005767EF /* HttpDate.swift */ = {isa = PBXFileReference; fileEncoding = 4; lastKnownFileType = sourcecode.swift; path = HttpDate.swift; sourceTree = "<group>"; };
		D94F2F0A1C858AC9005767EF /* Mime.swift */ = {isa = PBXFileReference; fileEncoding = 4; lastKnownFileType = sourcecode.swift; path = Mime.swift; sourceTree = "<group>"; };
		D94F2F0B1C858AC9005767EF /* Query.swift */ = {isa = PBXFileReference; fileEncoding = 4; lastKnownFileType = sourcecode.swift; path = Query.swift; sourceTree = "<group>"; };
		D94F2F0C1C858AC9005767EF /* RegExp.swift */ = {isa = PBXFileReference; fileEncoding = 4; lastKnownFileType = sourcecode.swift; path = RegExp.swift; sourceTree = "<group>"; };
		D94F2F131C858B90005767EF /* Base16.swift */ = {isa = PBXFileReference; fileEncoding = 4; lastKnownFileType = sourcecode.swift; path = Base16.swift; sourceTree = "<group>"; };
		D94F2F141C858B90005767EF /* Base64.swift */ = {isa = PBXFileReference; fileEncoding = 4; lastKnownFileType = sourcecode.swift; path = Base64.swift; sourceTree = "<group>"; };
		D94F2F171C858DD6005767EF /* RemoveTrailingSlash.swift */ = {isa = PBXFileReference; fileEncoding = 4; lastKnownFileType = sourcecode.swift; path = RemoveTrailingSlash.swift; sourceTree = "<group>"; };
		D9BDA02C1C84122100494728 /* HtmlConvertible.swift */ = {isa = PBXFileReference; fileEncoding = 4; lastKnownFileType = sourcecode.swift; path = HtmlConvertible.swift; sourceTree = "<group>"; };
/* End PBXFileReference section */

/* Begin PBXFrameworksBuildPhase section */
		D92AA2101C79E05E0063C79B /* Frameworks */ = {
			isa = PBXFrameworksBuildPhase;
			buildActionMask = 2147483647;
			files = (
				E9E2226E3AA301228CBF8D08 /* Pods_Hansel.framework in Frameworks */,
			);
			runOnlyForDeploymentPostprocessing = 0;
		};
/* End PBXFrameworksBuildPhase section */

/* Begin PBXGroup section */
		52C8180A3DBD2C29D5EE931B /* Frameworks */ = {
			isa = PBXGroup;
			children = (
				04A34CCEFE83A1C183127FF4 /* Pods_Hansel.framework */,
			);
			name = Frameworks;
			sourceTree = "<group>";
		};
		52DA31963FF88E898CEF5B27 /* Pods */ = {
			isa = PBXGroup;
			children = (
				CA3B6037C0ED7555216156BF /* Pods-Hansel.debug.xcconfig */,
				01A63E7C1D63BEE1E5C919ED /* Pods-Hansel.release.xcconfig */,
			);
			name = Pods;
			sourceTree = "<group>";
		};
		D92AA20A1C79E05E0063C79B = {
			isa = PBXGroup;
			children = (
				D92AA2231C79E0750063C79B /* Sources */,
				D92AA2151C79E05E0063C79B /* Hansel */,
				D92AA2141C79E05E0063C79B /* Products */,
				52DA31963FF88E898CEF5B27 /* Pods */,
				52C8180A3DBD2C29D5EE931B /* Frameworks */,
			);
			sourceTree = "<group>";
		};
		D92AA2141C79E05E0063C79B /* Products */ = {
			isa = PBXGroup;
			children = (
				D92AA2131C79E05E0063C79B /* Hansel.app */,
			);
			name = Products;
			sourceTree = "<group>";
		};
		D92AA2151C79E05E0063C79B /* Hansel */ = {
			isa = PBXGroup;
			children = (
				D92AA21D1C79E05E0063C79B /* Info.plist */,
			);
			path = Hansel;
			sourceTree = "<group>";
		};
		D92AA2231C79E0750063C79B /* Sources */ = {
			isa = PBXGroup;
			children = (
				D94F2F061C858AC9005767EF /* Helpers */,
				D94F2EF51C856267005767EF /* Response */,
				D94F2EEE1C85622D005767EF /* Request */,
				D93D902A1C83CD71009A611B /* Batteries */,
				D93D90231C83CCD9009A611B /* Socket */,
				D93D901E1C83CB77009A611B /* Protocols */,
				D94F2EEC1C853B4A005767EF /* FileStream.swift */,
				D94F2F001C85858A005767EF /* ByteArray.swift */,
				D92AA22A1C79E1000063C79B /* Middleware.swift */,
				D92AA22C1C79E1000063C79B /* Router.swift */,
				D92AA22E1C79E1000063C79B /* Handler.swift */,
				D92AA22F1C79E1000063C79B /* Belt.swift */,
				D92AA2281C79E1000063C79B /* Server.swift */,
				D93D90351C83DBF2009A611B /* Html.swift */,
				D92AA2241C79E0840063C79B /* main.swift */,
				D906560D1C864D160097FB19 /* JD.swift */,
			);
			name = Sources;
			sourceTree = "<group>";
		};
		D93D901E1C83CB77009A611B /* Protocols */ = {
			isa = PBXGroup;
			children = (
				D9BDA02C1C84122100494728 /* HtmlConvertible.swift */,
				D93D90211C83CC00009A611B /* Storable.swift */,
				D93D901F1C83CB77009A611B /* HeaderList.swift */,
				D94F2EE31C851070005767EF /* Streamable.swift */,
				D94F2EE51C852A16005767EF /* Tappable.swift */,
			);
			name = Protocols;
			path = Sources/Protocols;
			sourceTree = "<group>";
		};
		D93D90231C83CCD9009A611B /* Socket */ = {
			isa = PBXGroup;
			children = (
				D93D90241C83CCD9009A611B /* Socket.swift */,
				D93D90251C83CCD9009A611B /* SocketParser.swift */,
				D93D90261C83CCD9009A611B /* SocketServer.swift */,
			);
			name = Socket;
			path = Sources/Socket;
			sourceTree = "<group>";
		};
		D93D902A1C83CD71009A611B /* Batteries */ = {
			isa = PBXGroup;
			children = (
				D93D902B1C83CD71009A611B /* Batteries.swift */,
				D94F2EFA1C856371005767EF /* NotModified.swift */,
				D93D902C1C83CD71009A611B /* Cookie.swift */,
				D93D902E1C83CD71009A611B /* Logger.swift */,
				D93D902F1C83CD71009A611B /* ServeStatic.swift */,
				D94F2F171C858DD6005767EF /* RemoveTrailingSlash.swift */,
			);
			name = Batteries;
			path = Sources/Batteries;
			sourceTree = "<group>";
		};
		D94F2EEE1C85622D005767EF /* Request */ = {
			isa = PBXGroup;
			children = (
				D94F2EEF1C85622D005767EF /* Method.swift */,
				D94F2EF01C85622D005767EF /* Request.swift */,
				D94F2EF11C85622D005767EF /* RequestBody.swift */,
			);
			name = Request;
			path = Sources/Request;
			sourceTree = "<group>";
		};
		D94F2EF51C856267005767EF /* Response */ = {
			isa = PBXGroup;
			children = (
				D94F2EF61C856267005767EF /* Response.swift */,
				D94F2EF71C856267005767EF /* Status.swift */,
			);
			name = Response;
			path = Sources/Response;
			sourceTree = "<group>";
		};
		D94F2F061C858AC9005767EF /* Helpers */ = {
			isa = PBXGroup;
			children = (
				D94F2F131C858B90005767EF /* Base16.swift */,
				D94F2F141C858B90005767EF /* Base64.swift */,
				D94F2F071C858AC9005767EF /* ContentType.swift */,
				D94F2F081C858AC9005767EF /* ETag.swift */,
				D94F2F091C858AC9005767EF /* HttpDate.swift */,
				D94F2F0A1C858AC9005767EF /* Mime.swift */,
				D94F2F0B1C858AC9005767EF /* Query.swift */,
				D94F2F0C1C858AC9005767EF /* RegExp.swift */,
			);
			name = Helpers;
			path = Sources/Helpers;
			sourceTree = "<group>";
		};
/* End PBXGroup section */

/* Begin PBXNativeTarget section */
		D92AA2121C79E05E0063C79B /* Hansel */ = {
			isa = PBXNativeTarget;
			buildConfigurationList = D92AA2201C79E05E0063C79B /* Build configuration list for PBXNativeTarget "Hansel" */;
			buildPhases = (
				2E392E1FB0EF54E5DA99422B /* Check Pods Manifest.lock */,
				D92AA20F1C79E05E0063C79B /* Sources */,
				D92AA2101C79E05E0063C79B /* Frameworks */,
				D92AA2111C79E05E0063C79B /* Resources */,
				ADC4B2AA64390DA742EE2B53 /* Embed Pods Frameworks */,
				F81B29D0E2F2F8DC47A1F9EB /* Copy Pods Resources */,
			);
			buildRules = (
			);
			dependencies = (
			);
			name = Hansel;
			productName = Hansel;
			productReference = D92AA2131C79E05E0063C79B /* Hansel.app */;
			productType = "com.apple.product-type.application";
		};
/* End PBXNativeTarget section */

/* Begin PBXProject section */
		D92AA20B1C79E05E0063C79B /* Project object */ = {
			isa = PBXProject;
			attributes = {
				LastSwiftUpdateCheck = 0720;
				LastUpgradeCheck = 0720;
				ORGANIZATIONNAME = "Dan Neumann";
				TargetAttributes = {
					D92AA2121C79E05E0063C79B = {
						CreatedOnToolsVersion = 7.2;
					};
				};
			};
			buildConfigurationList = D92AA20E1C79E05E0063C79B /* Build configuration list for PBXProject "Hansel" */;
			compatibilityVersion = "Xcode 3.2";
			developmentRegion = English;
			hasScannedForEncodings = 0;
			knownRegions = (
				en,
				Base,
			);
			mainGroup = D92AA20A1C79E05E0063C79B;
			productRefGroup = D92AA2141C79E05E0063C79B /* Products */;
			projectDirPath = "";
			projectRoot = "";
			targets = (
				D92AA2121C79E05E0063C79B /* Hansel */,
			);
		};
/* End PBXProject section */

/* Begin PBXResourcesBuildPhase section */
		D92AA2111C79E05E0063C79B /* Resources */ = {
			isa = PBXResourcesBuildPhase;
			buildActionMask = 2147483647;
			files = (
			);
			runOnlyForDeploymentPostprocessing = 0;
		};
/* End PBXResourcesBuildPhase section */

/* Begin PBXShellScriptBuildPhase section */
		2E392E1FB0EF54E5DA99422B /* Check Pods Manifest.lock */ = {
			isa = PBXShellScriptBuildPhase;
			buildActionMask = 2147483647;
			files = (
			);
			inputPaths = (
			);
			name = "Check Pods Manifest.lock";
			outputPaths = (
			);
			runOnlyForDeploymentPostprocessing = 0;
			shellPath = /bin/sh;
			shellScript = "diff \"${PODS_ROOT}/../Podfile.lock\" \"${PODS_ROOT}/Manifest.lock\" > /dev/null\nif [[ $? != 0 ]] ; then\n    cat << EOM\nerror: The sandbox is not in sync with the Podfile.lock. Run 'pod install' or update your CocoaPods installation.\nEOM\n    exit 1\nfi\n";
			showEnvVarsInLog = 0;
		};
		ADC4B2AA64390DA742EE2B53 /* Embed Pods Frameworks */ = {
			isa = PBXShellScriptBuildPhase;
			buildActionMask = 2147483647;
			files = (
			);
			inputPaths = (
			);
			name = "Embed Pods Frameworks";
			outputPaths = (
			);
			runOnlyForDeploymentPostprocessing = 0;
			shellPath = /bin/sh;
			shellScript = "\"${SRCROOT}/Pods/Target Support Files/Pods-Hansel/Pods-Hansel-frameworks.sh\"\n";
			showEnvVarsInLog = 0;
		};
		F81B29D0E2F2F8DC47A1F9EB /* Copy Pods Resources */ = {
			isa = PBXShellScriptBuildPhase;
			buildActionMask = 2147483647;
			files = (
			);
			inputPaths = (
			);
			name = "Copy Pods Resources";
			outputPaths = (
			);
			runOnlyForDeploymentPostprocessing = 0;
			shellPath = /bin/sh;
			shellScript = "\"${SRCROOT}/Pods/Target Support Files/Pods-Hansel/Pods-Hansel-resources.sh\"\n";
			showEnvVarsInLog = 0;
		};
/* End PBXShellScriptBuildPhase section */

/* Begin PBXSourcesBuildPhase section */
		D92AA20F1C79E05E0063C79B /* Sources */ = {
			isa = PBXSourcesBuildPhase;
			buildActionMask = 2147483647;
			files = (
				D93D90281C83CCD9009A611B /* SocketParser.swift in Sources */,
				D93D90301C83CD71009A611B /* Batteries.swift in Sources */,
				D94F2F121C858AC9005767EF /* RegExp.swift in Sources */,
				D94F2EED1C853B4A005767EF /* FileStream.swift in Sources */,
				D93D90341C83CD71009A611B /* ServeStatic.swift in Sources */,
				D93D90271C83CCD9009A611B /* Socket.swift in Sources */,
				D92AA23C1C79E1000063C79B /* Belt.swift in Sources */,
				D94F2F0E1C858AC9005767EF /* ETag.swift in Sources */,
				D94F2F0F1C858AC9005767EF /* HttpDate.swift in Sources */,
				D93D90311C83CD71009A611B /* Cookie.swift in Sources */,
				D93D90291C83CCD9009A611B /* SocketServer.swift in Sources */,
				D94F2F151C858B90005767EF /* Base16.swift in Sources */,
				D93D90221C83CC00009A611B /* Storable.swift in Sources */,
				D94F2EF21C85622D005767EF /* Method.swift in Sources */,
				D92AA2351C79E1000063C79B /* Server.swift in Sources */,
				D92AA2371C79E1000063C79B /* Middleware.swift in Sources */,
				D94F2EF91C856267005767EF /* Status.swift in Sources */,
				D94F2F111C858AC9005767EF /* Query.swift in Sources */,
				D92AA2251C79E0840063C79B /* main.swift in Sources */,
				D94F2F181C858DD6005767EF /* RemoveTrailingSlash.swift in Sources */,
				D92AA2391C79E1000063C79B /* Router.swift in Sources */,
				D94F2EF81C856267005767EF /* Response.swift in Sources */,
				D94F2F0D1C858AC9005767EF /* ContentType.swift in Sources */,
				D94F2EE41C851070005767EF /* Streamable.swift in Sources */,
				D94F2F161C858B90005767EF /* Base64.swift in Sources */,
				D94F2EFB1C856371005767EF /* NotModified.swift in Sources */,
				D94F2EF41C85622D005767EF /* RequestBody.swift in Sources */,
				D93D90331C83CD71009A611B /* Logger.swift in Sources */,
				D9BDA02D1C84122100494728 /* HtmlConvertible.swift in Sources */,
				D906560E1C864D160097FB19 /* JD.swift in Sources */,
				D94F2F101C858AC9005767EF /* Mime.swift in Sources */,
				D92AA23B1C79E1000063C79B /* Handler.swift in Sources */,
				D94F2EE61C852A16005767EF /* Tappable.swift in Sources */,
				D93D90201C83CB77009A611B /* HeaderList.swift in Sources */,
				D93D90361C83DBF2009A611B /* Html.swift in Sources */,
				D94F2EF31C85622D005767EF /* Request.swift in Sources */,
				D94F2F011C85858A005767EF /* ByteArray.swift in Sources */,
			);
			runOnlyForDeploymentPostprocessing = 0;
		};
/* End PBXSourcesBuildPhase section */

/* Begin XCBuildConfiguration section */
		D92AA21E1C79E05E0063C79B /* Debug */ = {
			isa = XCBuildConfiguration;
			buildSettings = {
				ALWAYS_SEARCH_USER_PATHS = NO;
				CLANG_CXX_LANGUAGE_STANDARD = "gnu++0x";
				CLANG_CXX_LIBRARY = "libc++";
				CLANG_ENABLE_MODULES = YES;
				CLANG_ENABLE_OBJC_ARC = YES;
				CLANG_WARN_BOOL_CONVERSION = YES;
				CLANG_WARN_CONSTANT_CONVERSION = YES;
				CLANG_WARN_DIRECT_OBJC_ISA_USAGE = YES_ERROR;
				CLANG_WARN_EMPTY_BODY = YES;
				CLANG_WARN_ENUM_CONVERSION = YES;
				CLANG_WARN_INT_CONVERSION = YES;
				CLANG_WARN_OBJC_ROOT_CLASS = YES_ERROR;
				CLANG_WARN_UNREACHABLE_CODE = YES;
				CLANG_WARN__DUPLICATE_METHOD_MATCH = YES;
				CODE_SIGN_IDENTITY = "-";
				COPY_PHASE_STRIP = NO;
				DEBUG_INFORMATION_FORMAT = dwarf;
				ENABLE_STRICT_OBJC_MSGSEND = YES;
				ENABLE_TESTABILITY = YES;
				GCC_C_LANGUAGE_STANDARD = gnu99;
				GCC_DYNAMIC_NO_PIC = NO;
				GCC_NO_COMMON_BLOCKS = YES;
				GCC_OPTIMIZATION_LEVEL = 0;
				GCC_PREPROCESSOR_DEFINITIONS = (
					"DEBUG=1",
					"$(inherited)",
				);
				GCC_WARN_64_TO_32_BIT_CONVERSION = YES;
				GCC_WARN_ABOUT_RETURN_TYPE = YES_ERROR;
				GCC_WARN_UNDECLARED_SELECTOR = YES;
				GCC_WARN_UNINITIALIZED_AUTOS = YES_AGGRESSIVE;
				GCC_WARN_UNUSED_FUNCTION = YES;
				GCC_WARN_UNUSED_VARIABLE = YES;
				MACOSX_DEPLOYMENT_TARGET = 10.11;
				MTL_ENABLE_DEBUG_INFO = YES;
				ONLY_ACTIVE_ARCH = YES;
				SDKROOT = macosx;
				SWIFT_OPTIMIZATION_LEVEL = "-Onone";
			};
			name = Debug;
		};
		D92AA21F1C79E05E0063C79B /* Release */ = {
			isa = XCBuildConfiguration;
			buildSettings = {
				ALWAYS_SEARCH_USER_PATHS = NO;
				CLANG_CXX_LANGUAGE_STANDARD = "gnu++0x";
				CLANG_CXX_LIBRARY = "libc++";
				CLANG_ENABLE_MODULES = YES;
				CLANG_ENABLE_OBJC_ARC = YES;
				CLANG_WARN_BOOL_CONVERSION = YES;
				CLANG_WARN_CONSTANT_CONVERSION = YES;
				CLANG_WARN_DIRECT_OBJC_ISA_USAGE = YES_ERROR;
				CLANG_WARN_EMPTY_BODY = YES;
				CLANG_WARN_ENUM_CONVERSION = YES;
				CLANG_WARN_INT_CONVERSION = YES;
				CLANG_WARN_OBJC_ROOT_CLASS = YES_ERROR;
				CLANG_WARN_UNREACHABLE_CODE = YES;
				CLANG_WARN__DUPLICATE_METHOD_MATCH = YES;
				CODE_SIGN_IDENTITY = "-";
				COPY_PHASE_STRIP = NO;
				DEBUG_INFORMATION_FORMAT = "dwarf-with-dsym";
				ENABLE_NS_ASSERTIONS = NO;
				ENABLE_STRICT_OBJC_MSGSEND = YES;
				GCC_C_LANGUAGE_STANDARD = gnu99;
				GCC_NO_COMMON_BLOCKS = YES;
				GCC_WARN_64_TO_32_BIT_CONVERSION = YES;
				GCC_WARN_ABOUT_RETURN_TYPE = YES_ERROR;
				GCC_WARN_UNDECLARED_SELECTOR = YES;
				GCC_WARN_UNINITIALIZED_AUTOS = YES_AGGRESSIVE;
				GCC_WARN_UNUSED_FUNCTION = YES;
				GCC_WARN_UNUSED_VARIABLE = YES;
				MACOSX_DEPLOYMENT_TARGET = 10.11;
				MTL_ENABLE_DEBUG_INFO = NO;
				SDKROOT = macosx;
			};
			name = Release;
		};
		D92AA2211C79E05E0063C79B /* Debug */ = {
			isa = XCBuildConfiguration;
			baseConfigurationReference = CA3B6037C0ED7555216156BF /* Pods-Hansel.debug.xcconfig */;
			buildSettings = {
				ASSETCATALOG_COMPILER_APPICON_NAME = AppIcon;
				COMBINE_HIDPI_IMAGES = YES;
				INFOPLIST_FILE = Hansel/Info.plist;
				LD_RUNPATH_SEARCH_PATHS = "$(inherited) @executable_path/../Frameworks";
				PRODUCT_BUNDLE_IDENTIFIER = com.danneu.Hansel;
				PRODUCT_NAME = "$(TARGET_NAME)";
			};
			name = Debug;
		};
		D92AA2221C79E05E0063C79B /* Release */ = {
			isa = XCBuildConfiguration;
			baseConfigurationReference = 01A63E7C1D63BEE1E5C919ED /* Pods-Hansel.release.xcconfig */;
			buildSettings = {
				ASSETCATALOG_COMPILER_APPICON_NAME = AppIcon;
				COMBINE_HIDPI_IMAGES = YES;
				INFOPLIST_FILE = Hansel/Info.plist;
				LD_RUNPATH_SEARCH_PATHS = "$(inherited) @executable_path/../Frameworks";
				PRODUCT_BUNDLE_IDENTIFIER = com.danneu.Hansel;
				PRODUCT_NAME = "$(TARGET_NAME)";
			};
			name = Release;
		};
/* End XCBuildConfiguration section */

/* Begin XCConfigurationList section */
		D92AA20E1C79E05E0063C79B /* Build configuration list for PBXProject "Hansel" */ = {
			isa = XCConfigurationList;
			buildConfigurations = (
				D92AA21E1C79E05E0063C79B /* Debug */,
				D92AA21F1C79E05E0063C79B /* Release */,
			);
			defaultConfigurationIsVisible = 0;
			defaultConfigurationName = Release;
		};
		D92AA2201C79E05E0063C79B /* Build configuration list for PBXNativeTarget "Hansel" */ = {
			isa = XCConfigurationList;
			buildConfigurations = (
				D92AA2211C79E05E0063C79B /* Debug */,
				D92AA2221C79E05E0063C79B /* Release */,
			);
			defaultConfigurationIsVisible = 0;
			defaultConfigurationName = Release;
		};
/* End XCConfigurationList section */
	};
	rootObject = D92AA20B1C79E05E0063C79B /* Project object */;
}
